// !$*UTF8*$!
{
	archiveVersion = 1;
	classes = {
	};
	objectVersion = 46;
	objects = {

/* Begin PBXBuildFile section */
		B6E5C6E5198A261400C19A80 /* Foundation.framework in Frameworks */ = {isa = PBXBuildFile; fileRef = B6E5C6E4198A261400C19A80 /* Foundation.framework */; };
		B6E5C6E7198A261400C19A80 /* CoreGraphics.framework in Frameworks */ = {isa = PBXBuildFile; fileRef = B6E5C6E6198A261400C19A80 /* CoreGraphics.framework */; };
		B6E5C6E9198A261400C19A80 /* UIKit.framework in Frameworks */ = {isa = PBXBuildFile; fileRef = B6E5C6E8198A261400C19A80 /* UIKit.framework */; };
		B6E5C6EF198A261400C19A80 /* InfoPlist.strings in Resources */ = {isa = PBXBuildFile; fileRef = B6E5C6ED198A261400C19A80 /* InfoPlist.strings */; };
		B6E5C6F1198A261400C19A80 /* main.m in Sources */ = {isa = PBXBuildFile; fileRef = B6E5C6F0198A261400C19A80 /* main.m */; };
		B6E5C6F5198A261400C19A80 /* AppDelegate.m in Sources */ = {isa = PBXBuildFile; fileRef = B6E5C6F4198A261400C19A80 /* AppDelegate.m */; };
		B6E5C6F8198A261400C19A80 /* Main_iPhone.storyboard in Resources */ = {isa = PBXBuildFile; fileRef = B6E5C6F6198A261400C19A80 /* Main_iPhone.storyboard */; };
		B6E5C6FB198A261400C19A80 /* Main_iPad.storyboard in Resources */ = {isa = PBXBuildFile; fileRef = B6E5C6F9198A261400C19A80 /* Main_iPad.storyboard */; };
		B6E5C6FE198A261400C19A80 /* ViewController.m in Sources */ = {isa = PBXBuildFile; fileRef = B6E5C6FD198A261400C19A80 /* ViewController.m */; };
		B6E5C700198A261400C19A80 /* Images.xcassets in Resources */ = {isa = PBXBuildFile; fileRef = B6E5C6FF198A261400C19A80 /* Images.xcassets */; };
		B6E5C707198A261400C19A80 /* XCTest.framework in Frameworks */ = {isa = PBXBuildFile; fileRef = B6E5C706198A261400C19A80 /* XCTest.framework */; };
		B6E5C708198A261400C19A80 /* Foundation.framework in Frameworks */ = {isa = PBXBuildFile; fileRef = B6E5C6E4198A261400C19A80 /* Foundation.framework */; };
		B6E5C709198A261400C19A80 /* UIKit.framework in Frameworks */ = {isa = PBXBuildFile; fileRef = B6E5C6E8198A261400C19A80 /* UIKit.framework */; };
		B6E5C711198A261400C19A80 /* InfoPlist.strings in Resources */ = {isa = PBXBuildFile; fileRef = B6E5C70F198A261400C19A80 /* InfoPlist.strings */; };
		B6E5C713198A261400C19A80 /* kvoTests.m in Sources */ = {isa = PBXBuildFile; fileRef = B6E5C712198A261400C19A80 /* kvoTests.m */; };
/* End PBXBuildFile section */

/* Begin PBXContainerItemProxy section */
		B6E5C70A198A261400C19A80 /* PBXContainerItemProxy */ = {
			isa = PBXContainerItemProxy;
			containerPortal = B6E5C6D9198A261400C19A80 /* Project object */;
			proxyType = 1;
			remoteGlobalIDString = B6E5C6E0198A261400C19A80;
			remoteInfo = kvo;
		};
/* End PBXContainerItemProxy section */

/* Begin PBXFileReference section */
		B6E5C6E1198A261400C19A80 /* kvo.app */ = {isa = PBXFileReference; explicitFileType = wrapper.application; includeInIndex = 0; path = kvo.app; sourceTree = BUILT_PRODUCTS_DIR; };
		B6E5C6E4198A261400C19A80 /* Foundation.framework */ = {isa = PBXFileReference; lastKnownFileType = wrapper.framework; name = Foundation.framework; path = System/Library/Frameworks/Foundation.framework; sourceTree = SDKROOT; };
		B6E5C6E6198A261400C19A80 /* CoreGraphics.framework */ = {isa = PBXFileReference; lastKnownFileType = wrapper.framework; name = CoreGraphics.framework; path = System/Library/Frameworks/CoreGraphics.framework; sourceTree = SDKROOT; };
		B6E5C6E8198A261400C19A80 /* UIKit.framework */ = {isa = PBXFileReference; lastKnownFileType = wrapper.framework; name = UIKit.framework; path = System/Library/Frameworks/UIKit.framework; sourceTree = SDKROOT; };
		B6E5C6EC198A261400C19A80 /* kvo-Info.plist */ = {isa = PBXFileReference; lastKnownFileType = text.plist.xml; path = "kvo-Info.plist"; sourceTree = "<group>"; };
		B6E5C6EE198A261400C19A80 /* en */ = {isa = PBXFileReference; lastKnownFileType = text.plist.strings; name = en; path = en.lproj/InfoPlist.strings; sourceTree = "<group>"; };
		B6E5C6F0198A261400C19A80 /* main.m */ = {isa = PBXFileReference; lastKnownFileType = sourcecode.c.objc; path = main.m; sourceTree = "<group>"; };
		B6E5C6F2198A261400C19A80 /* kvo-Prefix.pch */ = {isa = PBXFileReference; lastKnownFileType = sourcecode.c.h; path = "kvo-Prefix.pch"; sourceTree = "<group>"; };
		B6E5C6F3198A261400C19A80 /* AppDelegate.h */ = {isa = PBXFileReference; lastKnownFileType = sourcecode.c.h; path = AppDelegate.h; sourceTree = "<group>"; };
		B6E5C6F4198A261400C19A80 /* AppDelegate.m */ = {isa = PBXFileReference; lastKnownFileType = sourcecode.c.objc; path = AppDelegate.m; sourceTree = "<group>"; };
		B6E5C6F7198A261400C19A80 /* Base */ = {isa = PBXFileReference; lastKnownFileType = file.storyboard; name = Base; path = Base.lproj/Main_iPhone.storyboard; sourceTree = "<group>"; };
		B6E5C6FA198A261400C19A80 /* Base */ = {isa = PBXFileReference; lastKnownFileType = file.storyboard; name = Base; path = Base.lproj/Main_iPad.storyboard; sourceTree = "<group>"; };
		B6E5C6FC198A261400C19A80 /* ViewController.h */ = {isa = PBXFileReference; lastKnownFileType = sourcecode.c.h; path = ViewController.h; sourceTree = "<group>"; };
		B6E5C6FD198A261400C19A80 /* ViewController.m */ = {isa = PBXFileReference; lastKnownFileType = sourcecode.c.objc; path = ViewController.m; sourceTree = "<group>"; };
		B6E5C6FF198A261400C19A80 /* Images.xcassets */ = {isa = PBXFileReference; lastKnownFileType = folder.assetcatalog; path = Images.xcassets; sourceTree = "<group>"; };
		B6E5C705198A261400C19A80 /* kvoTests.xctest */ = {isa = PBXFileReference; explicitFileType = wrapper.cfbundle; includeInIndex = 0; path = kvoTests.xctest; sourceTree = BUILT_PRODUCTS_DIR; };
		B6E5C706198A261400C19A80 /* XCTest.framework */ = {isa = PBXFileReference; lastKnownFileType = wrapper.framework; name = XCTest.framework; path = Library/Frameworks/XCTest.framework; sourceTree = DEVELOPER_DIR; };
		B6E5C70E198A261400C19A80 /* kvoTests-Info.plist */ = {isa = PBXFileReference; lastKnownFileType = text.plist.xml; path = "kvoTests-Info.plist"; sourceTree = "<group>"; };
		B6E5C710198A261400C19A80 /* en */ = {isa = PBXFileReference; lastKnownFileType = text.plist.strings; name = en; path = en.lproj/InfoPlist.strings; sourceTree = "<group>"; };
		B6E5C712198A261400C19A80 /* kvoTests.m */ = {isa = PBXFileReference; lastKnownFileType = sourcecode.c.objc; path = kvoTests.m; sourceTree = "<group>"; };
/* End PBXFileReference section */

/* Begin PBXFrameworksBuildPhase section */
		B6E5C6DE198A261400C19A80 /* Frameworks */ = {
			isa = PBXFrameworksBuildPhase;
			buildActionMask = 2147483647;
			files = (
				B6E5C6E7198A261400C19A80 /* CoreGraphics.framework in Frameworks */,
				B6E5C6E9198A261400C19A80 /* UIKit.framework in Frameworks */,
				B6E5C6E5198A261400C19A80 /* Foundation.framework in Frameworks */,
			);
			runOnlyForDeploymentPostprocessing = 0;
		};
		B6E5C702198A261400C19A80 /* Frameworks */ = {
			isa = PBXFrameworksBuildPhase;
			buildActionMask = 2147483647;
			files = (
				B6E5C707198A261400C19A80 /* XCTest.framework in Frameworks */,
				B6E5C709198A261400C19A80 /* UIKit.framework in Frameworks */,
				B6E5C708198A261400C19A80 /* Foundation.framework in Frameworks */,
			);
			runOnlyForDeploymentPostprocessing = 0;
		};
/* End PBXFrameworksBuildPhase section */

/* Begin PBXGroup section */
		B6E5C6D8198A261400C19A80 = {
			isa = PBXGroup;
			children = (
				B6E5C6EA198A261400C19A80 /* kvo */,
				B6E5C70C198A261400C19A80 /* kvoTests */,
				B6E5C6E3198A261400C19A80 /* Frameworks */,
				B6E5C6E2198A261400C19A80 /* Products */,
			);
			sourceTree = "<group>";
		};
		B6E5C6E2198A261400C19A80 /* Products */ = {
			isa = PBXGroup;
			children = (
				B6E5C6E1198A261400C19A80 /* kvo.app */,
				B6E5C705198A261400C19A80 /* kvoTests.xctest */,
			);
			name = Products;
			sourceTree = "<group>";
		};
		B6E5C6E3198A261400C19A80 /* Frameworks */ = {
			isa = PBXGroup;
			children = (
				B6E5C6E4198A261400C19A80 /* Foundation.framework */,
				B6E5C6E6198A261400C19A80 /* CoreGraphics.framework */,
				B6E5C6E8198A261400C19A80 /* UIKit.framework */,
				B6E5C706198A261400C19A80 /* XCTest.framework */,
			);
			name = Frameworks;
			sourceTree = "<group>";
		};
		B6E5C6EA198A261400C19A80 /* kvo */ = {
			isa = PBXGroup;
			children = (
				B6E5C6F3198A261400C19A80 /* AppDelegate.h */,
				B6E5C6F4198A261400C19A80 /* AppDelegate.m */,
				B6E5C6F6198A261400C19A80 /* Main_iPhone.storyboard */,
				B6E5C6F9198A261400C19A80 /* Main_iPad.storyboard */,
				B6E5C6FC198A261400C19A80 /* ViewController.h */,
				B6E5C6FD198A261400C19A80 /* ViewController.m */,
				B6E5C6FF198A261400C19A80 /* Images.xcassets */,
				B6E5C6EB198A261400C19A80 /* Supporting Files */,
			);
			path = kvo;
			sourceTree = "<group>";
		};
		B6E5C6EB198A261400C19A80 /* Supporting Files */ = {
			isa = PBXGroup;
			children = (
				B6E5C6EC198A261400C19A80 /* kvo-Info.plist */,
				B6E5C6ED198A261400C19A80 /* InfoPlist.strings */,
				B6E5C6F0198A261400C19A80 /* main.m */,
				B6E5C6F2198A261400C19A80 /* kvo-Prefix.pch */,
			);
			name = "Supporting Files";
			sourceTree = "<group>";
		};
		B6E5C70C198A261400C19A80 /* kvoTests */ = {
			isa = PBXGroup;
			children = (
				B6E5C712198A261400C19A80 /* kvoTests.m */,
				B6E5C70D198A261400C19A80 /* Supporting Files */,
			);
			path = kvoTests;
			sourceTree = "<group>";
		};
		B6E5C70D198A261400C19A80 /* Supporting Files */ = {
			isa = PBXGroup;
			children = (
				B6E5C70E198A261400C19A80 /* kvoTests-Info.plist */,
				B6E5C70F198A261400C19A80 /* InfoPlist.strings */,
			);
			name = "Supporting Files";
			sourceTree = "<group>";
		};
/* End PBXGroup section */

/* Begin PBXNativeTarget section */
		B6E5C6E0198A261400C19A80 /* kvo */ = {
			isa = PBXNativeTarget;
			buildConfigurationList = B6E5C716198A261400C19A80 /* Build configuration list for PBXNativeTarget "kvo" */;
			buildPhases = (
				B6E5C6DD198A261400C19A80 /* Sources */,
				B6E5C6DE198A261400C19A80 /* Frameworks */,
				B6E5C6DF198A261400C19A80 /* Resources */,
			);
			buildRules = (
			);
			dependencies = (
			);
			name = kvo;
			productName = kvo;
			productReference = B6E5C6E1198A261400C19A80 /* kvo.app */;
			productType = "com.apple.product-type.application";
		};
		B6E5C704198A261400C19A80 /* kvoTests */ = {
			isa = PBXNativeTarget;
			buildConfigurationList = B6E5C719198A261400C19A80 /* Build configuration list for PBXNativeTarget "kvoTests" */;
			buildPhases = (
				B6E5C701198A261400C19A80 /* Sources */,
				B6E5C702198A261400C19A80 /* Frameworks */,
				B6E5C703198A261400C19A80 /* Resources */,
			);
			buildRules = (
			);
			dependencies = (
				B6E5C70B198A261400C19A80 /* PBXTargetDependency */,
			);
			name = kvoTests;
			productName = kvoTests;
			productReference = B6E5C705198A261400C19A80 /* kvoTests.xctest */;
			productType = "com.apple.product-type.bundle.unit-test";
		};
/* End PBXNativeTarget section */

/* Begin PBXProject section */
		B6E5C6D9198A261400C19A80 /* Project object */ = {
			isa = PBXProject;
			attributes = {
				LastUpgradeCheck = 0510;
				ORGANIZATIONNAME = "___NHNNEXT___";
				TargetAttributes = {
					B6E5C704198A261400C19A80 = {
						TestTargetID = B6E5C6E0198A261400C19A80;
					};
				};
			};
			buildConfigurationList = B6E5C6DC198A261400C19A80 /* Build configuration list for PBXProject "kvo" */;
			compatibilityVersion = "Xcode 3.2";
			developmentRegion = English;
			hasScannedForEncodings = 0;
			knownRegions = (
				en,
				Base,
			);
			mainGroup = B6E5C6D8198A261400C19A80;
			productRefGroup = B6E5C6E2198A261400C19A80 /* Products */;
			projectDirPath = "";
			projectRoot = "";
			targets = (
				B6E5C6E0198A261400C19A80 /* kvo */,
				B6E5C704198A261400C19A80 /* kvoTests */,
			);
		};
/* End PBXProject section */

/* Begin PBXResourcesBuildPhase section */
		B6E5C6DF198A261400C19A80 /* Resources */ = {
			isa = PBXResourcesBuildPhase;
			buildActionMask = 2147483647;
			files = (
				B6E5C6FB198A261400C19A80 /* Main_iPad.storyboard in Resources */,
				B6E5C700198A261400C19A80 /* Images.xcassets in Resources */,
				B6E5C6F8198A261400C19A80 /* Main_iPhone.storyboard in Resources */,
				B6E5C6EF198A261400C19A80 /* InfoPlist.strings in Resources */,
			);
			runOnlyForDeploymentPostprocessing = 0;
		};
		B6E5C703198A261400C19A80 /* Resources */ = {
			isa = PBXResourcesBuildPhase;
			buildActionMask = 2147483647;
			files = (
				B6E5C711198A261400C19A80 /* InfoPlist.strings in Resources */,
			);
			runOnlyForDeploymentPostprocessing = 0;
		};
/* End PBXResourcesBuildPhase section */

/* Begin PBXSourcesBuildPhase section */
		B6E5C6DD198A261400C19A80 /* Sources */ = {
			isa = PBXSourcesBuildPhase;
			buildActionMask = 2147483647;
			files = (
				B6E5C6FE198A261400C19A80 /* ViewController.m in Sources */,
				B6E5C6F5198A261400C19A80 /* AppDelegate.m in Sources */,
				B6E5C6F1198A261400C19A80 /* main.m in Sources */,
			);
			runOnlyForDeploymentPostprocessing = 0;
		};
		B6E5C701198A261400C19A80 /* Sources */ = {
			isa = PBXSourcesBuildPhase;
			buildActionMask = 2147483647;
			files = (
				B6E5C713198A261400C19A80 /* kvoTests.m in Sources */,
			);
			runOnlyForDeploymentPostprocessing = 0;
		};
/* End PBXSourcesBuildPhase section */

/* Begin PBXTargetDependency section */
		B6E5C70B198A261400C19A80 /* PBXTargetDependency */ = {
			isa = PBXTargetDependency;
			target = B6E5C6E0198A261400C19A80 /* kvo */;
			targetProxy = B6E5C70A198A261400C19A80 /* PBXContainerItemProxy */;
		};
/* End PBXTargetDependency section */

/* Begin PBXVariantGroup section */
		B6E5C6ED198A261400C19A80 /* InfoPlist.strings */ = {
			isa = PBXVariantGroup;
			children = (
				B6E5C6EE198A261400C19A80 /* en */,
			);
			name = InfoPlist.strings;
			sourceTree = "<group>";
		};
		B6E5C6F6198A261400C19A80 /* Main_iPhone.storyboard */ = {
			isa = PBXVariantGroup;
			children = (
				B6E5C6F7198A261400C19A80 /* Base */,
			);
			name = Main_iPhone.storyboard;
			sourceTree = "<group>";
		};
		B6E5C6F9198A261400C19A80 /* Main_iPad.storyboard */ = {
			isa = PBXVariantGroup;
			children = (
				B6E5C6FA198A261400C19A80 /* Base */,
			);
			name = Main_iPad.storyboard;
			sourceTree = "<group>";
		};
		B6E5C70F198A261400C19A80 /* InfoPlist.strings */ = {
			isa = PBXVariantGroup;
			children = (
				B6E5C710198A261400C19A80 /* en */,
			);
			name = InfoPlist.strings;
			sourceTree = "<group>";
		};
/* End PBXVariantGroup section */

/* Begin XCBuildConfiguration section */
		B6E5C714198A261400C19A80 /* Debug */ = {
			isa = XCBuildConfiguration;
			buildSettings = {
				ALWAYS_SEARCH_USER_PATHS = NO;
				CLANG_CXX_LANGUAGE_STANDARD = "gnu++0x";
				CLANG_CXX_LIBRARY = "libc++";
				CLANG_ENABLE_MODULES = YES;
				CLANG_ENABLE_OBJC_ARC = YES;
				CLANG_WARN_BOOL_CONVERSION = YES;
				CLANG_WARN_CONSTANT_CONVERSION = YES;
				CLANG_WARN_DIRECT_OBJC_ISA_USAGE = YES_ERROR;
				CLANG_WARN_EMPTY_BODY = YES;
				CLANG_WARN_ENUM_CONVERSION = YES;
				CLANG_WARN_INT_CONVERSION = YES;
				CLANG_WARN_OBJC_ROOT_CLASS = YES_ERROR;
				CLANG_WARN__DUPLICATE_METHOD_MATCH = YES;
				"CODE_SIGN_IDENTITY[sdk=iphoneos*]" = "iPhone Developer";
				COPY_PHASE_STRIP = NO;
				GCC_C_LANGUAGE_STANDARD = gnu99;
				GCC_DYNAMIC_NO_PIC = NO;
				GCC_OPTIMIZATION_LEVEL = 0;
				GCC_PREPROCESSOR_DEFINITIONS = (
					"DEBUG=1",
					"$(inherited)",
				);
				GCC_SYMBOLS_PRIVATE_EXTERN = NO;
				GCC_WARN_64_TO_32_BIT_CONVERSION = YES;
				GCC_WARN_ABOUT_RETURN_TYPE = YES_ERROR;
				GCC_WARN_UNDECLARED_SELECTOR = YES;
				GCC_WARN_UNINITIALIZED_AUTOS = YES_AGGRESSIVE;
				GCC_WARN_UNUSED_FUNCTION = YES;
				GCC_WARN_UNUSED_VARIABLE = YES;
				IPHONEOS_DEPLOYMENT_TARGET = 7.1;
				ONLY_ACTIVE_ARCH = YES;
				SDKROOT = iphoneos;
				TARGETED_DEVICE_FAMILY = "1,2";
			};
			name = Debug;
		};
		B6E5C715198A261400C19A80 /* Release */ = {
			isa = XCBuildConfiguration;
			buildSettings = {
				ALWAYS_SEARCH_USER_PATHS = NO;
				CLANG_CXX_LANGUAGE_STANDARD = "gnu++0x";
				CLANG_CXX_LIBRARY = "libc++";
				CLANG_ENABLE_MODULES = YES;
				CLANG_ENABLE_OBJC_ARC = YES;
				CLANG_WARN_BOOL_CONVERSION = YES;
				CLANG_WARN_CONSTANT_CONVERSION = YES;
				CLANG_WARN_DIRECT_OBJC_ISA_USAGE = YES_ERROR;
				CLANG_WARN_EMPTY_BODY = YES;
				CLANG_WARN_ENUM_CONVERSION = YES;
				CLANG_WARN_INT_CONVERSION = YES;
				CLANG_WARN_OBJC_ROOT_CLASS = YES_ERROR;
				CLANG_WARN__DUPLICATE_METHOD_MATCH = YES;
				"CODE_SIGN_IDENTITY[sdk=iphoneos*]" = "iPhone Developer";
				COPY_PHASE_STRIP = YES;
				ENABLE_NS_ASSERTIONS = NO;
				GCC_C_LANGUAGE_STANDARD = gnu99;
				GCC_WARN_64_TO_32_BIT_CONVERSION = YES;
				GCC_WARN_ABOUT_RETURN_TYPE = YES_ERROR;
				GCC_WARN_UNDECLARED_SELECTOR = YES;
				GCC_WARN_UNINITIALIZED_AUTOS = YES_AGGRESSIVE;
				GCC_WARN_UNUSED_FUNCTION = YES;
				GCC_WARN_UNUSED_VARIABLE = YES;
				IPHONEOS_DEPLOYMENT_TARGET = 7.1;
				SDKROOT = iphoneos;
				TARGETED_DEVICE_FAMILY = "1,2";
				VALIDATE_PRODUCT = YES;
			};
			name = Release;
		};
		B6E5C717198A261400C19A80 /* Debug */ = {
			isa = XCBuildConfiguration;
			buildSettings = {
				ASSETCATALOG_COMPILER_APPICON_NAME = AppIcon;
				ASSETCATALOG_COMPILER_LAUNCHIMAGE_NAME = LaunchImage;
				GCC_PRECOMPILE_PREFIX_HEADER = YES;
				GCC_PREFIX_HEADER = "kvo/kvo-Prefix.pch";
				INFOPLIST_FILE = "kvo/kvo-Info.plist";
				PRODUCT_NAME = "$(TARGET_NAME)";
				WRAPPER_EXTENSION = app;
			};
			name = Debug;
		};
		B6E5C718198A261400C19A80 /* Release */ = {
			isa = XCBuildConfiguration;
			buildSettings = {
				ASSETCATALOG_COMPILER_APPICON_NAME = AppIcon;
				ASSETCATALOG_COMPILER_LAUNCHIMAGE_NAME = LaunchImage;
				GCC_PRECOMPILE_PREFIX_HEADER = YES;
				GCC_PREFIX_HEADER = "kvo/kvo-Prefix.pch";
				INFOPLIST_FILE = "kvo/kvo-Info.plist";
				PRODUCT_NAME = "$(TARGET_NAME)";
				WRAPPER_EXTENSION = app;
			};
			name = Release;
		};
		B6E5C71A198A261400C19A80 /* Debug */ = {
			isa = XCBuildConfiguration;
			buildSettings = {
				BUNDLE_LOADER = "$(BUILT_PRODUCTS_DIR)/kvo.app/kvo";
				FRAMEWORK_SEARCH_PATHS = (
					"$(SDKROOT)/Developer/Library/Frameworks",
					"$(inherited)",
					"$(DEVELOPER_FRAMEWORKS_DIR)",
				);
				GCC_PRECOMPILE_PREFIX_HEADER = YES;
				GCC_PREFIX_HEADER = "kvo/kvo-Prefix.pch";
				GCC_PREPROCESSOR_DEFINITIONS = (
					"DEBUG=1",
					"$(inherited)",
				);
				INFOPLIST_FILE = "kvoTests/kvoTests-Info.plist";
				PRODUCT_NAME = "$(TARGET_NAME)";
				TEST_HOST = "$(BUNDLE_LOADER)";
				WRAPPER_EXTENSION = xctest;
			};
			name = Debug;
		};
		B6E5C71B198A261400C19A80 /* Release */ = {
			isa = XCBuildConfiguration;
			buildSettings = {
				BUNDLE_LOADER = "$(BUILT_PRODUCTS_DIR)/kvo.app/kvo";
				FRAMEWORK_SEARCH_PATHS = (
					"$(SDKROOT)/Developer/Library/Frameworks",
					"$(inherited)",
					"$(DEVELOPER_FRAMEWORKS_DIR)",
				);
				GCC_PRECOMPILE_PREFIX_HEADER = YES;
				GCC_PREFIX_HEADER = "kvo/kvo-Prefix.pch";
				INFOPLIST_FILE = "kvoTests/kvoTests-Info.plist";
				PRODUCT_NAME = "$(TARGET_NAME)";
				TEST_HOST = "$(BUNDLE_LOADER)";
				WRAPPER_EXTENSION = xctest;
			};
			name = Release;
		};
/* End XCBuildConfiguration section */

/* Begin XCConfigurationList section */
		B6E5C6DC198A261400C19A80 /* Build configuration list for PBXProject "kvo" */ = {
			isa = XCConfigurationList;
			buildConfigurations = (
				B6E5C714198A261400C19A80 /* Debug */,
				B6E5C715198A261400C19A80 /* Release */,
			);
			defaultConfigurationIsVisible = 0;
			defaultConfigurationName = Release;
		};
		B6E5C716198A261400C19A80 /* Build configuration list for PBXNativeTarget "kvo" */ = {
			isa = XCConfigurationList;
			buildConfigurations = (
				B6E5C717198A261400C19A80 /* Debug */,
				B6E5C718198A261400C19A80 /* Release */,
			);
			defaultConfigurationIsVisible = 0;
		};
		B6E5C719198A261400C19A80 /* Build configuration list for PBXNativeTarget "kvoTests" */ = {
			isa = XCConfigurationList;
			buildConfigurations = (
				B6E5C71A198A261400C19A80 /* Debug */,
				B6E5C71B198A261400C19A80 /* Release */,
			);
			defaultConfigurationIsVisible = 0;
		};
/* End XCConfigurationList section */
	};
	rootObject = B6E5C6D9198A261400C19A80 /* Project object */;
}
