// !$*UTF8*$!
{
	archiveVersion = 1;
	classes = {
	};
	objectVersion = 46;
	objects = {

/* Begin PBXBuildFile section */
		1DFA553EFEFA485798EC2051 /* libPods.a in Frameworks */ = {isa = PBXBuildFile; fileRef = 3141F31829A9436E880CA133 /* libPods.a */; };
		B60674071987786500765785 /* Foundation.framework in Frameworks */ = {isa = PBXBuildFile; fileRef = B60674061987786500765785 /* Foundation.framework */; };
		B60674091987786500765785 /* CoreGraphics.framework in Frameworks */ = {isa = PBXBuildFile; fileRef = B60674081987786500765785 /* CoreGraphics.framework */; };
		B606740B1987786500765785 /* UIKit.framework in Frameworks */ = {isa = PBXBuildFile; fileRef = B606740A1987786500765785 /* UIKit.framework */; };
		B60674111987786500765785 /* InfoPlist.strings in Resources */ = {isa = PBXBuildFile; fileRef = B606740F1987786500765785 /* InfoPlist.strings */; };
		B60674131987786500765785 /* main.m in Sources */ = {isa = PBXBuildFile; fileRef = B60674121987786500765785 /* main.m */; };
		B60674171987786500765785 /* AppDelegate.m in Sources */ = {isa = PBXBuildFile; fileRef = B60674161987786500765785 /* AppDelegate.m */; };
		B606741A1987786600765785 /* Main_iPhone.storyboard in Resources */ = {isa = PBXBuildFile; fileRef = B60674181987786600765785 /* Main_iPhone.storyboard */; };
		B606741D1987786600765785 /* Main_iPad.storyboard in Resources */ = {isa = PBXBuildFile; fileRef = B606741B1987786600765785 /* Main_iPad.storyboard */; };
		B60674201987786600765785 /* ViewController.m in Sources */ = {isa = PBXBuildFile; fileRef = B606741F1987786600765785 /* ViewController.m */; };
		B60674221987786600765785 /* Images.xcassets in Resources */ = {isa = PBXBuildFile; fileRef = B60674211987786600765785 /* Images.xcassets */; };
		B60674291987786600765785 /* XCTest.framework in Frameworks */ = {isa = PBXBuildFile; fileRef = B60674281987786600765785 /* XCTest.framework */; };
		B606742A1987786600765785 /* Foundation.framework in Frameworks */ = {isa = PBXBuildFile; fileRef = B60674061987786500765785 /* Foundation.framework */; };
		B606742B1987786600765785 /* UIKit.framework in Frameworks */ = {isa = PBXBuildFile; fileRef = B606740A1987786500765785 /* UIKit.framework */; };
		B60674331987786600765785 /* InfoPlist.strings in Resources */ = {isa = PBXBuildFile; fileRef = B60674311987786600765785 /* InfoPlist.strings */; };
		B60674351987786600765785 /* basic_POPTests.m in Sources */ = {isa = PBXBuildFile; fileRef = B60674341987786600765785 /* basic_POPTests.m */; };
		B667E5CE19877FFA00A22A2D /* shot.jpg in Resources */ = {isa = PBXBuildFile; fileRef = B667E5CD19877FFA00A22A2D /* shot.jpg */; };
/* End PBXBuildFile section */

/* Begin PBXContainerItemProxy section */
		B606742C1987786600765785 /* PBXContainerItemProxy */ = {
			isa = PBXContainerItemProxy;
			containerPortal = B60673FB1987786500765785 /* Project object */;
			proxyType = 1;
			remoteGlobalIDString = B60674021987786500765785;
			remoteInfo = basic_POP;
		};
/* End PBXContainerItemProxy section */

/* Begin PBXFileReference section */
		010893CE1CB34BCAAF0E29DD /* Pods.xcconfig */ = {isa = PBXFileReference; includeInIndex = 1; lastKnownFileType = text.xcconfig; name = Pods.xcconfig; path = Pods/Pods.xcconfig; sourceTree = "<group>"; };
		3141F31829A9436E880CA133 /* libPods.a */ = {isa = PBXFileReference; explicitFileType = archive.ar; includeInIndex = 0; path = libPods.a; sourceTree = BUILT_PRODUCTS_DIR; };
		B60674031987786500765785 /* basic_POP.app */ = {isa = PBXFileReference; explicitFileType = wrapper.application; includeInIndex = 0; path = basic_POP.app; sourceTree = BUILT_PRODUCTS_DIR; };
		B60674061987786500765785 /* Foundation.framework */ = {isa = PBXFileReference; lastKnownFileType = wrapper.framework; name = Foundation.framework; path = System/Library/Frameworks/Foundation.framework; sourceTree = SDKROOT; };
		B60674081987786500765785 /* CoreGraphics.framework */ = {isa = PBXFileReference; lastKnownFileType = wrapper.framework; name = CoreGraphics.framework; path = System/Library/Frameworks/CoreGraphics.framework; sourceTree = SDKROOT; };
		B606740A1987786500765785 /* UIKit.framework */ = {isa = PBXFileReference; lastKnownFileType = wrapper.framework; name = UIKit.framework; path = System/Library/Frameworks/UIKit.framework; sourceTree = SDKROOT; };
		B606740E1987786500765785 /* basic_POP-Info.plist */ = {isa = PBXFileReference; lastKnownFileType = text.plist.xml; path = "basic_POP-Info.plist"; sourceTree = "<group>"; };
		B60674101987786500765785 /* en */ = {isa = PBXFileReference; lastKnownFileType = text.plist.strings; name = en; path = en.lproj/InfoPlist.strings; sourceTree = "<group>"; };
		B60674121987786500765785 /* main.m */ = {isa = PBXFileReference; lastKnownFileType = sourcecode.c.objc; path = main.m; sourceTree = "<group>"; };
		B60674141987786500765785 /* basic_POP-Prefix.pch */ = {isa = PBXFileReference; lastKnownFileType = sourcecode.c.h; path = "basic_POP-Prefix.pch"; sourceTree = "<group>"; };
		B60674151987786500765785 /* AppDelegate.h */ = {isa = PBXFileReference; lastKnownFileType = sourcecode.c.h; path = AppDelegate.h; sourceTree = "<group>"; };
		B60674161987786500765785 /* AppDelegate.m */ = {isa = PBXFileReference; lastKnownFileType = sourcecode.c.objc; path = AppDelegate.m; sourceTree = "<group>"; };
		B60674191987786600765785 /* Base */ = {isa = PBXFileReference; lastKnownFileType = file.storyboard; name = Base; path = Base.lproj/Main_iPhone.storyboard; sourceTree = "<group>"; };
		B606741C1987786600765785 /* Base */ = {isa = PBXFileReference; lastKnownFileType = file.storyboard; name = Base; path = Base.lproj/Main_iPad.storyboard; sourceTree = "<group>"; };
		B606741E1987786600765785 /* ViewController.h */ = {isa = PBXFileReference; lastKnownFileType = sourcecode.c.h; path = ViewController.h; sourceTree = "<group>"; };
		B606741F1987786600765785 /* ViewController.m */ = {isa = PBXFileReference; lastKnownFileType = sourcecode.c.objc; path = ViewController.m; sourceTree = "<group>"; };
		B60674211987786600765785 /* Images.xcassets */ = {isa = PBXFileReference; lastKnownFileType = folder.assetcatalog; path = Images.xcassets; sourceTree = "<group>"; };
		B60674271987786600765785 /* basic_POPTests.xctest */ = {isa = PBXFileReference; explicitFileType = wrapper.cfbundle; includeInIndex = 0; path = basic_POPTests.xctest; sourceTree = BUILT_PRODUCTS_DIR; };
		B60674281987786600765785 /* XCTest.framework */ = {isa = PBXFileReference; lastKnownFileType = wrapper.framework; name = XCTest.framework; path = Library/Frameworks/XCTest.framework; sourceTree = DEVELOPER_DIR; };
		B60674301987786600765785 /* basic_POPTests-Info.plist */ = {isa = PBXFileReference; lastKnownFileType = text.plist.xml; path = "basic_POPTests-Info.plist"; sourceTree = "<group>"; };
		B60674321987786600765785 /* en */ = {isa = PBXFileReference; lastKnownFileType = text.plist.strings; name = en; path = en.lproj/InfoPlist.strings; sourceTree = "<group>"; };
		B60674341987786600765785 /* basic_POPTests.m */ = {isa = PBXFileReference; lastKnownFileType = sourcecode.c.objc; path = basic_POPTests.m; sourceTree = "<group>"; };
		B667E5CD19877FFA00A22A2D /* shot.jpg */ = {isa = PBXFileReference; lastKnownFileType = image.jpeg; path = shot.jpg; sourceTree = "<group>"; };
/* End PBXFileReference section */

/* Begin PBXFrameworksBuildPhase section */
		B60674001987786500765785 /* Frameworks */ = {
			isa = PBXFrameworksBuildPhase;
			buildActionMask = 2147483647;
			files = (
				B60674091987786500765785 /* CoreGraphics.framework in Frameworks */,
				B606740B1987786500765785 /* UIKit.framework in Frameworks */,
				B60674071987786500765785 /* Foundation.framework in Frameworks */,
				1DFA553EFEFA485798EC2051 /* libPods.a in Frameworks */,
			);
			runOnlyForDeploymentPostprocessing = 0;
		};
		B60674241987786600765785 /* Frameworks */ = {
			isa = PBXFrameworksBuildPhase;
			buildActionMask = 2147483647;
			files = (
				B60674291987786600765785 /* XCTest.framework in Frameworks */,
				B606742B1987786600765785 /* UIKit.framework in Frameworks */,
				B606742A1987786600765785 /* Foundation.framework in Frameworks */,
			);
			runOnlyForDeploymentPostprocessing = 0;
		};
/* End PBXFrameworksBuildPhase section */

/* Begin PBXGroup section */
		B60673FA1987786500765785 = {
			isa = PBXGroup;
			children = (
				B606740C1987786500765785 /* basic_POP */,
				B606742E1987786600765785 /* basic_POPTests */,
				B60674051987786500765785 /* Frameworks */,
				B60674041987786500765785 /* Products */,
				010893CE1CB34BCAAF0E29DD /* Pods.xcconfig */,
			);
			sourceTree = "<group>";
		};
		B60674041987786500765785 /* Products */ = {
			isa = PBXGroup;
			children = (
				B60674031987786500765785 /* basic_POP.app */,
				B60674271987786600765785 /* basic_POPTests.xctest */,
			);
			name = Products;
			sourceTree = "<group>";
		};
		B60674051987786500765785 /* Frameworks */ = {
			isa = PBXGroup;
			children = (
				B60674061987786500765785 /* Foundation.framework */,
				B60674081987786500765785 /* CoreGraphics.framework */,
				B606740A1987786500765785 /* UIKit.framework */,
				B60674281987786600765785 /* XCTest.framework */,
				3141F31829A9436E880CA133 /* libPods.a */,
			);
			name = Frameworks;
			sourceTree = "<group>";
		};
		B606740C1987786500765785 /* basic_POP */ = {
			isa = PBXGroup;
			children = (
				B60674151987786500765785 /* AppDelegate.h */,
				B60674161987786500765785 /* AppDelegate.m */,
				B60674181987786600765785 /* Main_iPhone.storyboard */,
				B606741B1987786600765785 /* Main_iPad.storyboard */,
				B606741E1987786600765785 /* ViewController.h */,
				B606741F1987786600765785 /* ViewController.m */,
				B60674211987786600765785 /* Images.xcassets */,
				B606740D1987786500765785 /* Supporting Files */,
			);
			path = basic_POP;
			sourceTree = "<group>";
		};
		B606740D1987786500765785 /* Supporting Files */ = {
			isa = PBXGroup;
			children = (
				B667E5CD19877FFA00A22A2D /* shot.jpg */,
				B606740E1987786500765785 /* basic_POP-Info.plist */,
				B606740F1987786500765785 /* InfoPlist.strings */,
				B60674121987786500765785 /* main.m */,
				B60674141987786500765785 /* basic_POP-Prefix.pch */,
			);
			name = "Supporting Files";
			sourceTree = "<group>";
		};
		B606742E1987786600765785 /* basic_POPTests */ = {
			isa = PBXGroup;
			children = (
				B60674341987786600765785 /* basic_POPTests.m */,
				B606742F1987786600765785 /* Supporting Files */,
			);
			path = basic_POPTests;
			sourceTree = "<group>";
		};
		B606742F1987786600765785 /* Supporting Files */ = {
			isa = PBXGroup;
			children = (
				B60674301987786600765785 /* basic_POPTests-Info.plist */,
				B60674311987786600765785 /* InfoPlist.strings */,
			);
			name = "Supporting Files";
			sourceTree = "<group>";
		};
/* End PBXGroup section */

/* Begin PBXNativeTarget section */
		B60674021987786500765785 /* basic_POP */ = {
			isa = PBXNativeTarget;
			buildConfigurationList = B60674381987786600765785 /* Build configuration list for PBXNativeTarget "basic_POP" */;
			buildPhases = (
				8006BF08298A453A8E2EA366 /* Check Pods Manifest.lock */,
				B60673FF1987786500765785 /* Sources */,
				B60674001987786500765785 /* Frameworks */,
				B60674011987786500765785 /* Resources */,
				00D602C6EB304EFF97515C8A /* Copy Pods Resources */,
			);
			buildRules = (
			);
			dependencies = (
			);
			name = basic_POP;
			productName = basic_POP;
			productReference = B60674031987786500765785 /* basic_POP.app */;
			productType = "com.apple.product-type.application";
		};
		B60674261987786600765785 /* basic_POPTests */ = {
			isa = PBXNativeTarget;
			buildConfigurationList = B606743B1987786600765785 /* Build configuration list for PBXNativeTarget "basic_POPTests" */;
			buildPhases = (
				B60674231987786600765785 /* Sources */,
				B60674241987786600765785 /* Frameworks */,
				B60674251987786600765785 /* Resources */,
			);
			buildRules = (
			);
			dependencies = (
				B606742D1987786600765785 /* PBXTargetDependency */,
			);
			name = basic_POPTests;
			productName = basic_POPTests;
			productReference = B60674271987786600765785 /* basic_POPTests.xctest */;
			productType = "com.apple.product-type.bundle.unit-test";
		};
/* End PBXNativeTarget section */

/* Begin PBXProject section */
		B60673FB1987786500765785 /* Project object */ = {
			isa = PBXProject;
			attributes = {
				LastUpgradeCheck = 0510;
				ORGANIZATIONNAME = "___NHNNEXT___";
				TargetAttributes = {
					B60674261987786600765785 = {
						TestTargetID = B60674021987786500765785;
					};
				};
			};
			buildConfigurationList = B60673FE1987786500765785 /* Build configuration list for PBXProject "basic_POP" */;
			compatibilityVersion = "Xcode 3.2";
			developmentRegion = English;
			hasScannedForEncodings = 0;
			knownRegions = (
				en,
				Base,
			);
			mainGroup = B60673FA1987786500765785;
			productRefGroup = B60674041987786500765785 /* Products */;
			projectDirPath = "";
			projectRoot = "";
			targets = (
				B60674021987786500765785 /* basic_POP */,
				B60674261987786600765785 /* basic_POPTests */,
			);
		};
/* End PBXProject section */

/* Begin PBXResourcesBuildPhase section */
		B60674011987786500765785 /* Resources */ = {
			isa = PBXResourcesBuildPhase;
			buildActionMask = 2147483647;
			files = (
				B606741D1987786600765785 /* Main_iPad.storyboard in Resources */,
				B667E5CE19877FFA00A22A2D /* shot.jpg in Resources */,
				B60674221987786600765785 /* Images.xcassets in Resources */,
				B606741A1987786600765785 /* Main_iPhone.storyboard in Resources */,
				B60674111987786500765785 /* InfoPlist.strings in Resources */,
			);
			runOnlyForDeploymentPostprocessing = 0;
		};
		B60674251987786600765785 /* Resources */ = {
			isa = PBXResourcesBuildPhase;
			buildActionMask = 2147483647;
			files = (
				B60674331987786600765785 /* InfoPlist.strings in Resources */,
			);
			runOnlyForDeploymentPostprocessing = 0;
		};
/* End PBXResourcesBuildPhase section */

/* Begin PBXShellScriptBuildPhase section */
		00D602C6EB304EFF97515C8A /* Copy Pods Resources */ = {
			isa = PBXShellScriptBuildPhase;
			buildActionMask = 2147483647;
			files = (
			);
			inputPaths = (
			);
			name = "Copy Pods Resources";
			outputPaths = (
			);
			runOnlyForDeploymentPostprocessing = 0;
			shellPath = /bin/sh;
			shellScript = "\"${SRCROOT}/Pods/Pods-resources.sh\"\n";
			showEnvVarsInLog = 0;
		};
		8006BF08298A453A8E2EA366 /* Check Pods Manifest.lock */ = {
			isa = PBXShellScriptBuildPhase;
			buildActionMask = 2147483647;
			files = (
			);
			inputPaths = (
			);
			name = "Check Pods Manifest.lock";
			outputPaths = (
			);
			runOnlyForDeploymentPostprocessing = 0;
			shellPath = /bin/sh;
			shellScript = "diff \"${PODS_ROOT}/../Podfile.lock\" \"${PODS_ROOT}/Manifest.lock\" > /dev/null\nif [[ $? != 0 ]] ; then\n    cat << EOM\nerror: The sandbox is not in sync with the Podfile.lock. Run 'pod install' or update your CocoaPods installation.\nEOM\n    exit 1\nfi\n";
			showEnvVarsInLog = 0;
		};
/* End PBXShellScriptBuildPhase section */

/* Begin PBXSourcesBuildPhase section */
		B60673FF1987786500765785 /* Sources */ = {
			isa = PBXSourcesBuildPhase;
			buildActionMask = 2147483647;
			files = (
				B60674201987786600765785 /* ViewController.m in Sources */,
				B60674171987786500765785 /* AppDelegate.m in Sources */,
				B60674131987786500765785 /* main.m in Sources */,
			);
			runOnlyForDeploymentPostprocessing = 0;
		};
		B60674231987786600765785 /* Sources */ = {
			isa = PBXSourcesBuildPhase;
			buildActionMask = 2147483647;
			files = (
				B60674351987786600765785 /* basic_POPTests.m in Sources */,
			);
			runOnlyForDeploymentPostprocessing = 0;
		};
/* End PBXSourcesBuildPhase section */

/* Begin PBXTargetDependency section */
		B606742D1987786600765785 /* PBXTargetDependency */ = {
			isa = PBXTargetDependency;
			target = B60674021987786500765785 /* basic_POP */;
			targetProxy = B606742C1987786600765785 /* PBXContainerItemProxy */;
		};
/* End PBXTargetDependency section */

/* Begin PBXVariantGroup section */
		B606740F1987786500765785 /* InfoPlist.strings */ = {
			isa = PBXVariantGroup;
			children = (
				B60674101987786500765785 /* en */,
			);
			name = InfoPlist.strings;
			sourceTree = "<group>";
		};
		B60674181987786600765785 /* Main_iPhone.storyboard */ = {
			isa = PBXVariantGroup;
			children = (
				B60674191987786600765785 /* Base */,
			);
			name = Main_iPhone.storyboard;
			sourceTree = "<group>";
		};
		B606741B1987786600765785 /* Main_iPad.storyboard */ = {
			isa = PBXVariantGroup;
			children = (
				B606741C1987786600765785 /* Base */,
			);
			name = Main_iPad.storyboard;
			sourceTree = "<group>";
		};
		B60674311987786600765785 /* InfoPlist.strings */ = {
			isa = PBXVariantGroup;
			children = (
				B60674321987786600765785 /* en */,
			);
			name = InfoPlist.strings;
			sourceTree = "<group>";
		};
/* End PBXVariantGroup section */

/* Begin XCBuildConfiguration section */
		B60674361987786600765785 /* Debug */ = {
			isa = XCBuildConfiguration;
			buildSettings = {
				ALWAYS_SEARCH_USER_PATHS = NO;
				CLANG_CXX_LANGUAGE_STANDARD = "gnu++0x";
				CLANG_CXX_LIBRARY = "libc++";
				CLANG_ENABLE_MODULES = YES;
				CLANG_ENABLE_OBJC_ARC = YES;
				CLANG_WARN_BOOL_CONVERSION = YES;
				CLANG_WARN_CONSTANT_CONVERSION = YES;
				CLANG_WARN_DIRECT_OBJC_ISA_USAGE = YES_ERROR;
				CLANG_WARN_EMPTY_BODY = YES;
				CLANG_WARN_ENUM_CONVERSION = YES;
				CLANG_WARN_INT_CONVERSION = YES;
				CLANG_WARN_OBJC_ROOT_CLASS = YES_ERROR;
				CLANG_WARN__DUPLICATE_METHOD_MATCH = YES;
				"CODE_SIGN_IDENTITY[sdk=iphoneos*]" = "iPhone Developer";
				COPY_PHASE_STRIP = NO;
				GCC_C_LANGUAGE_STANDARD = gnu99;
				GCC_DYNAMIC_NO_PIC = NO;
				GCC_OPTIMIZATION_LEVEL = 0;
				GCC_PREPROCESSOR_DEFINITIONS = (
					"DEBUG=1",
					"$(inherited)",
				);
				GCC_SYMBOLS_PRIVATE_EXTERN = NO;
				GCC_WARN_64_TO_32_BIT_CONVERSION = YES;
				GCC_WARN_ABOUT_RETURN_TYPE = YES_ERROR;
				GCC_WARN_UNDECLARED_SELECTOR = YES;
				GCC_WARN_UNINITIALIZED_AUTOS = YES_AGGRESSIVE;
				GCC_WARN_UNUSED_FUNCTION = YES;
				GCC_WARN_UNUSED_VARIABLE = YES;
				IPHONEOS_DEPLOYMENT_TARGET = 7.1;
				ONLY_ACTIVE_ARCH = YES;
				SDKROOT = iphoneos;
				TARGETED_DEVICE_FAMILY = "1,2";
			};
			name = Debug;
		};
		B60674371987786600765785 /* Release */ = {
			isa = XCBuildConfiguration;
			buildSettings = {
				ALWAYS_SEARCH_USER_PATHS = NO;
				CLANG_CXX_LANGUAGE_STANDARD = "gnu++0x";
				CLANG_CXX_LIBRARY = "libc++";
				CLANG_ENABLE_MODULES = YES;
				CLANG_ENABLE_OBJC_ARC = YES;
				CLANG_WARN_BOOL_CONVERSION = YES;
				CLANG_WARN_CONSTANT_CONVERSION = YES;
				CLANG_WARN_DIRECT_OBJC_ISA_USAGE = YES_ERROR;
				CLANG_WARN_EMPTY_BODY = YES;
				CLANG_WARN_ENUM_CONVERSION = YES;
				CLANG_WARN_INT_CONVERSION = YES;
				CLANG_WARN_OBJC_ROOT_CLASS = YES_ERROR;
				CLANG_WARN__DUPLICATE_METHOD_MATCH = YES;
				"CODE_SIGN_IDENTITY[sdk=iphoneos*]" = "iPhone Developer";
				COPY_PHASE_STRIP = YES;
				ENABLE_NS_ASSERTIONS = NO;
				GCC_C_LANGUAGE_STANDARD = gnu99;
				GCC_WARN_64_TO_32_BIT_CONVERSION = YES;
				GCC_WARN_ABOUT_RETURN_TYPE = YES_ERROR;
				GCC_WARN_UNDECLARED_SELECTOR = YES;
				GCC_WARN_UNINITIALIZED_AUTOS = YES_AGGRESSIVE;
				GCC_WARN_UNUSED_FUNCTION = YES;
				GCC_WARN_UNUSED_VARIABLE = YES;
				IPHONEOS_DEPLOYMENT_TARGET = 7.1;
				SDKROOT = iphoneos;
				TARGETED_DEVICE_FAMILY = "1,2";
				VALIDATE_PRODUCT = YES;
			};
			name = Release;
		};
		B60674391987786600765785 /* Debug */ = {
			isa = XCBuildConfiguration;
			baseConfigurationReference = 010893CE1CB34BCAAF0E29DD /* Pods.xcconfig */;
			buildSettings = {
				ASSETCATALOG_COMPILER_APPICON_NAME = AppIcon;
				ASSETCATALOG_COMPILER_LAUNCHIMAGE_NAME = LaunchImage;
				GCC_PRECOMPILE_PREFIX_HEADER = YES;
				GCC_PREFIX_HEADER = "basic_POP/basic_POP-Prefix.pch";
				INFOPLIST_FILE = "basic_POP/basic_POP-Info.plist";
				PRODUCT_NAME = "$(TARGET_NAME)";
				WRAPPER_EXTENSION = app;
			};
			name = Debug;
		};
		B606743A1987786600765785 /* Release */ = {
			isa = XCBuildConfiguration;
			baseConfigurationReference = 010893CE1CB34BCAAF0E29DD /* Pods.xcconfig */;
			buildSettings = {
				ASSETCATALOG_COMPILER_APPICON_NAME = AppIcon;
				ASSETCATALOG_COMPILER_LAUNCHIMAGE_NAME = LaunchImage;
				GCC_PRECOMPILE_PREFIX_HEADER = YES;
				GCC_PREFIX_HEADER = "basic_POP/basic_POP-Prefix.pch";
				INFOPLIST_FILE = "basic_POP/basic_POP-Info.plist";
				PRODUCT_NAME = "$(TARGET_NAME)";
				WRAPPER_EXTENSION = app;
			};
			name = Release;
		};
		B606743C1987786600765785 /* Debug */ = {
			isa = XCBuildConfiguration;
			buildSettings = {
				BUNDLE_LOADER = "$(BUILT_PRODUCTS_DIR)/basic_POP.app/basic_POP";
				FRAMEWORK_SEARCH_PATHS = (
					"$(SDKROOT)/Developer/Library/Frameworks",
					"$(inherited)",
					"$(DEVELOPER_FRAMEWORKS_DIR)",
				);
				GCC_PRECOMPILE_PREFIX_HEADER = YES;
				GCC_PREFIX_HEADER = "basic_POP/basic_POP-Prefix.pch";
				GCC_PREPROCESSOR_DEFINITIONS = (
					"DEBUG=1",
					"$(inherited)",
				);
				INFOPLIST_FILE = "basic_POPTests/basic_POPTests-Info.plist";
				PRODUCT_NAME = "$(TARGET_NAME)";
				TEST_HOST = "$(BUNDLE_LOADER)";
				WRAPPER_EXTENSION = xctest;
			};
			name = Debug;
		};
		B606743D1987786600765785 /* Release */ = {
			isa = XCBuildConfiguration;
			buildSettings = {
				BUNDLE_LOADER = "$(BUILT_PRODUCTS_DIR)/basic_POP.app/basic_POP";
				FRAMEWORK_SEARCH_PATHS = (
					"$(SDKROOT)/Developer/Library/Frameworks",
					"$(inherited)",
					"$(DEVELOPER_FRAMEWORKS_DIR)",
				);
				GCC_PRECOMPILE_PREFIX_HEADER = YES;
				GCC_PREFIX_HEADER = "basic_POP/basic_POP-Prefix.pch";
				INFOPLIST_FILE = "basic_POPTests/basic_POPTests-Info.plist";
				PRODUCT_NAME = "$(TARGET_NAME)";
				TEST_HOST = "$(BUNDLE_LOADER)";
				WRAPPER_EXTENSION = xctest;
			};
			name = Release;
		};
/* End XCBuildConfiguration section */

/* Begin XCConfigurationList section */
		B60673FE1987786500765785 /* Build configuration list for PBXProject "basic_POP" */ = {
			isa = XCConfigurationList;
			buildConfigurations = (
				B60674361987786600765785 /* Debug */,
				B60674371987786600765785 /* Release */,
			);
			defaultConfigurationIsVisible = 0;
			defaultConfigurationName = Release;
		};
		B60674381987786600765785 /* Build configuration list for PBXNativeTarget "basic_POP" */ = {
			isa = XCConfigurationList;
			buildConfigurations = (
				B60674391987786600765785 /* Debug */,
				B606743A1987786600765785 /* Release */,
			);
			defaultConfigurationIsVisible = 0;
			defaultConfigurationName = Release;
		};
		B606743B1987786600765785 /* Build configuration list for PBXNativeTarget "basic_POPTests" */ = {
			isa = XCConfigurationList;
			buildConfigurations = (
				B606743C1987786600765785 /* Debug */,
				B606743D1987786600765785 /* Release */,
			);
			defaultConfigurationIsVisible = 0;
			defaultConfigurationName = Release;
		};
/* End XCConfigurationList section */
	};
	rootObject = B60673FB1987786500765785 /* Project object */;
}
