// !$*UTF8*$!
{
	archiveVersion = 1;
	classes = {
	};
	objectVersion = 46;
	objects = {

/* Begin PBXBuildFile section */
		B62306C81999D83100F26EF4 /* Foundation.framework in Frameworks */ = {isa = PBXBuildFile; fileRef = B62306C71999D83100F26EF4 /* Foundation.framework */; };
		B62306CA1999D83100F26EF4 /* CoreGraphics.framework in Frameworks */ = {isa = PBXBuildFile; fileRef = B62306C91999D83100F26EF4 /* CoreGraphics.framework */; };
		B62306CC1999D83100F26EF4 /* UIKit.framework in Frameworks */ = {isa = PBXBuildFile; fileRef = B62306CB1999D83100F26EF4 /* UIKit.framework */; };
		B62306D21999D83100F26EF4 /* InfoPlist.strings in Resources */ = {isa = PBXBuildFile; fileRef = B62306D01999D83100F26EF4 /* InfoPlist.strings */; };
		B62306D41999D83100F26EF4 /* main.m in Sources */ = {isa = PBXBuildFile; fileRef = B62306D31999D83100F26EF4 /* main.m */; };
		B62306D81999D83100F26EF4 /* AppDelegate.m in Sources */ = {isa = PBXBuildFile; fileRef = B62306D71999D83100F26EF4 /* AppDelegate.m */; };
		B62306DB1999D83100F26EF4 /* Main_iPhone.storyboard in Resources */ = {isa = PBXBuildFile; fileRef = B62306D91999D83100F26EF4 /* Main_iPhone.storyboard */; };
		B62306DE1999D83100F26EF4 /* Main_iPad.storyboard in Resources */ = {isa = PBXBuildFile; fileRef = B62306DC1999D83100F26EF4 /* Main_iPad.storyboard */; };
		B62306E11999D83100F26EF4 /* AlbumViewController.m in Sources */ = {isa = PBXBuildFile; fileRef = B62306E01999D83100F26EF4 /* AlbumViewController.m */; };
		B62306E31999D83100F26EF4 /* Images.xcassets in Resources */ = {isa = PBXBuildFile; fileRef = B62306E21999D83100F26EF4 /* Images.xcassets */; };
		B62306EA1999D83100F26EF4 /* XCTest.framework in Frameworks */ = {isa = PBXBuildFile; fileRef = B62306E91999D83100F26EF4 /* XCTest.framework */; };
		B62306EB1999D83100F26EF4 /* Foundation.framework in Frameworks */ = {isa = PBXBuildFile; fileRef = B62306C71999D83100F26EF4 /* Foundation.framework */; };
		B62306EC1999D83100F26EF4 /* UIKit.framework in Frameworks */ = {isa = PBXBuildFile; fileRef = B62306CB1999D83100F26EF4 /* UIKit.framework */; };
		B62306F41999D83100F26EF4 /* InfoPlist.strings in Resources */ = {isa = PBXBuildFile; fileRef = B62306F21999D83100F26EF4 /* InfoPlist.strings */; };
		B62306F61999D83100F26EF4 /* MidtermTableViewTests.m in Sources */ = {isa = PBXBuildFile; fileRef = B62306F51999D83100F26EF4 /* MidtermTableViewTests.m */; };
		B62307161999D89300F26EF4 /* 01.jpg in Resources */ = {isa = PBXBuildFile; fileRef = B62307001999D89300F26EF4 /* 01.jpg */; };
		B62307171999D89300F26EF4 /* 02.jpg in Resources */ = {isa = PBXBuildFile; fileRef = B62307011999D89300F26EF4 /* 02.jpg */; };
		B62307181999D89300F26EF4 /* 03.jpg in Resources */ = {isa = PBXBuildFile; fileRef = B62307021999D89300F26EF4 /* 03.jpg */; };
		B62307191999D89300F26EF4 /* 04.jpg in Resources */ = {isa = PBXBuildFile; fileRef = B62307031999D89300F26EF4 /* 04.jpg */; };
		B623071A1999D89300F26EF4 /* 05.jpg in Resources */ = {isa = PBXBuildFile; fileRef = B62307041999D89300F26EF4 /* 05.jpg */; };
		B623071B1999D89300F26EF4 /* 06.jpg in Resources */ = {isa = PBXBuildFile; fileRef = B62307051999D89300F26EF4 /* 06.jpg */; };
		B623071C1999D89300F26EF4 /* 07.jpg in Resources */ = {isa = PBXBuildFile; fileRef = B62307061999D89300F26EF4 /* 07.jpg */; };
		B623071D1999D89300F26EF4 /* 08.jpg in Resources */ = {isa = PBXBuildFile; fileRef = B62307071999D89300F26EF4 /* 08.jpg */; };
		B623071E1999D89300F26EF4 /* 09.jpg in Resources */ = {isa = PBXBuildFile; fileRef = B62307081999D89300F26EF4 /* 09.jpg */; };
		B623071F1999D89300F26EF4 /* 10.jpg in Resources */ = {isa = PBXBuildFile; fileRef = B62307091999D89300F26EF4 /* 10.jpg */; };
		B62307201999D89300F26EF4 /* 11.jpg in Resources */ = {isa = PBXBuildFile; fileRef = B623070A1999D89300F26EF4 /* 11.jpg */; };
		B62307211999D89300F26EF4 /* 12.jpg in Resources */ = {isa = PBXBuildFile; fileRef = B623070B1999D89300F26EF4 /* 12.jpg */; };
		B62307221999D89300F26EF4 /* 13.jpg in Resources */ = {isa = PBXBuildFile; fileRef = B623070C1999D89300F26EF4 /* 13.jpg */; };
		B62307231999D89300F26EF4 /* 14.jpg in Resources */ = {isa = PBXBuildFile; fileRef = B623070D1999D89300F26EF4 /* 14.jpg */; };
		B62307241999D89300F26EF4 /* 15.jpg in Resources */ = {isa = PBXBuildFile; fileRef = B623070E1999D89300F26EF4 /* 15.jpg */; };
		B62307251999D89300F26EF4 /* 16.jpg in Resources */ = {isa = PBXBuildFile; fileRef = B623070F1999D89300F26EF4 /* 16.jpg */; };
		B62307261999D89300F26EF4 /* 17.jpg in Resources */ = {isa = PBXBuildFile; fileRef = B62307101999D89300F26EF4 /* 17.jpg */; };
		B62307271999D89300F26EF4 /* 18.jpg in Resources */ = {isa = PBXBuildFile; fileRef = B62307111999D89300F26EF4 /* 18.jpg */; };
		B62307281999D89300F26EF4 /* 19.jpg in Resources */ = {isa = PBXBuildFile; fileRef = B62307121999D89300F26EF4 /* 19.jpg */; };
		B62307291999D89300F26EF4 /* 20.jpg in Resources */ = {isa = PBXBuildFile; fileRef = B62307131999D89300F26EF4 /* 20.jpg */; };
		B623072A1999D89300F26EF4 /* 21.jpg in Resources */ = {isa = PBXBuildFile; fileRef = B62307141999D89300F26EF4 /* 21.jpg */; };
		B623072B1999D89300F26EF4 /* 22.jpg in Resources */ = {isa = PBXBuildFile; fileRef = B62307151999D89300F26EF4 /* 22.jpg */; };
		B623072E1999DD2400F26EF4 /* AppModel.m in Sources */ = {isa = PBXBuildFile; fileRef = B623072D1999DD2400F26EF4 /* AppModel.m */; };
		B62307781999E97B00F26EF4 /* PhotoViewController.m in Sources */ = {isa = PBXBuildFile; fileRef = B62307771999E97B00F26EF4 /* PhotoViewController.m */; };
		B6230780199A0C3800F26EF4 /* ImageViewCell.m in Sources */ = {isa = PBXBuildFile; fileRef = B623077F199A0C3800F26EF4 /* ImageViewCell.m */; };
		B6403C7319A32B22003A0D85 /* Reachability.m in Sources */ = {isa = PBXBuildFile; fileRef = B6403C7219A32B22003A0D85 /* Reachability.m */; };
/* End PBXBuildFile section */

/* Begin PBXContainerItemProxy section */
		B62306ED1999D83100F26EF4 /* PBXContainerItemProxy */ = {
			isa = PBXContainerItemProxy;
			containerPortal = B62306BC1999D83100F26EF4 /* Project object */;
			proxyType = 1;
			remoteGlobalIDString = B62306C31999D83100F26EF4;
			remoteInfo = MidtermTableView;
		};
/* End PBXContainerItemProxy section */

/* Begin PBXFileReference section */
		B62306C41999D83100F26EF4 /* MidtermTableView.app */ = {isa = PBXFileReference; explicitFileType = wrapper.application; includeInIndex = 0; path = MidtermTableView.app; sourceTree = BUILT_PRODUCTS_DIR; };
		B62306C71999D83100F26EF4 /* Foundation.framework */ = {isa = PBXFileReference; lastKnownFileType = wrapper.framework; name = Foundation.framework; path = System/Library/Frameworks/Foundation.framework; sourceTree = SDKROOT; };
		B62306C91999D83100F26EF4 /* CoreGraphics.framework */ = {isa = PBXFileReference; lastKnownFileType = wrapper.framework; name = CoreGraphics.framework; path = System/Library/Frameworks/CoreGraphics.framework; sourceTree = SDKROOT; };
		B62306CB1999D83100F26EF4 /* UIKit.framework */ = {isa = PBXFileReference; lastKnownFileType = wrapper.framework; name = UIKit.framework; path = System/Library/Frameworks/UIKit.framework; sourceTree = SDKROOT; };
		B62306CF1999D83100F26EF4 /* MidtermTableView-Info.plist */ = {isa = PBXFileReference; lastKnownFileType = text.plist.xml; path = "MidtermTableView-Info.plist"; sourceTree = "<group>"; };
		B62306D11999D83100F26EF4 /* en */ = {isa = PBXFileReference; lastKnownFileType = text.plist.strings; name = en; path = en.lproj/InfoPlist.strings; sourceTree = "<group>"; };
		B62306D31999D83100F26EF4 /* main.m */ = {isa = PBXFileReference; lastKnownFileType = sourcecode.c.objc; path = main.m; sourceTree = "<group>"; };
		B62306D51999D83100F26EF4 /* MidtermTableView-Prefix.pch */ = {isa = PBXFileReference; lastKnownFileType = sourcecode.c.h; path = "MidtermTableView-Prefix.pch"; sourceTree = "<group>"; };
		B62306D61999D83100F26EF4 /* AppDelegate.h */ = {isa = PBXFileReference; lastKnownFileType = sourcecode.c.h; path = AppDelegate.h; sourceTree = "<group>"; };
		B62306D71999D83100F26EF4 /* AppDelegate.m */ = {isa = PBXFileReference; lastKnownFileType = sourcecode.c.objc; path = AppDelegate.m; sourceTree = "<group>"; };
		B62306DA1999D83100F26EF4 /* Base */ = {isa = PBXFileReference; lastKnownFileType = file.storyboard; name = Base; path = Base.lproj/Main_iPhone.storyboard; sourceTree = "<group>"; };
		B62306DD1999D83100F26EF4 /* Base */ = {isa = PBXFileReference; lastKnownFileType = file.storyboard; name = Base; path = Base.lproj/Main_iPad.storyboard; sourceTree = "<group>"; };
		B62306DF1999D83100F26EF4 /* AlbumViewController.h */ = {isa = PBXFileReference; lastKnownFileType = sourcecode.c.h; path = AlbumViewController.h; sourceTree = "<group>"; };
		B62306E01999D83100F26EF4 /* AlbumViewController.m */ = {isa = PBXFileReference; lastKnownFileType = sourcecode.c.objc; path = AlbumViewController.m; sourceTree = "<group>"; };
		B62306E21999D83100F26EF4 /* Images.xcassets */ = {isa = PBXFileReference; lastKnownFileType = folder.assetcatalog; path = Images.xcassets; sourceTree = "<group>"; };
		B62306E81999D83100F26EF4 /* MidtermTableViewTests.xctest */ = {isa = PBXFileReference; explicitFileType = wrapper.cfbundle; includeInIndex = 0; path = MidtermTableViewTests.xctest; sourceTree = BUILT_PRODUCTS_DIR; };
		B62306E91999D83100F26EF4 /* XCTest.framework */ = {isa = PBXFileReference; lastKnownFileType = wrapper.framework; name = XCTest.framework; path = Library/Frameworks/XCTest.framework; sourceTree = DEVELOPER_DIR; };
		B62306F11999D83100F26EF4 /* MidtermTableViewTests-Info.plist */ = {isa = PBXFileReference; lastKnownFileType = text.plist.xml; path = "MidtermTableViewTests-Info.plist"; sourceTree = "<group>"; };
		B62306F31999D83100F26EF4 /* en */ = {isa = PBXFileReference; lastKnownFileType = text.plist.strings; name = en; path = en.lproj/InfoPlist.strings; sourceTree = "<group>"; };
		B62306F51999D83100F26EF4 /* MidtermTableViewTests.m */ = {isa = PBXFileReference; lastKnownFileType = sourcecode.c.objc; path = MidtermTableViewTests.m; sourceTree = "<group>"; };
		B62307001999D89300F26EF4 /* 01.jpg */ = {isa = PBXFileReference; lastKnownFileType = image.jpeg; path = 01.jpg; sourceTree = "<group>"; };
		B62307011999D89300F26EF4 /* 02.jpg */ = {isa = PBXFileReference; lastKnownFileType = image.jpeg; path = 02.jpg; sourceTree = "<group>"; };
		B62307021999D89300F26EF4 /* 03.jpg */ = {isa = PBXFileReference; lastKnownFileType = image.jpeg; path = 03.jpg; sourceTree = "<group>"; };
		B62307031999D89300F26EF4 /* 04.jpg */ = {isa = PBXFileReference; lastKnownFileType = image.jpeg; path = 04.jpg; sourceTree = "<group>"; };
		B62307041999D89300F26EF4 /* 05.jpg */ = {isa = PBXFileReference; lastKnownFileType = image.jpeg; path = 05.jpg; sourceTree = "<group>"; };
		B62307051999D89300F26EF4 /* 06.jpg */ = {isa = PBXFileReference; lastKnownFileType = image.jpeg; path = 06.jpg; sourceTree = "<group>"; };
		B62307061999D89300F26EF4 /* 07.jpg */ = {isa = PBXFileReference; lastKnownFileType = image.jpeg; path = 07.jpg; sourceTree = "<group>"; };
		B62307071999D89300F26EF4 /* 08.jpg */ = {isa = PBXFileReference; lastKnownFileType = image.jpeg; path = 08.jpg; sourceTree = "<group>"; };
		B62307081999D89300F26EF4 /* 09.jpg */ = {isa = PBXFileReference; lastKnownFileType = image.jpeg; path = 09.jpg; sourceTree = "<group>"; };
		B62307091999D89300F26EF4 /* 10.jpg */ = {isa = PBXFileReference; lastKnownFileType = image.jpeg; path = 10.jpg; sourceTree = "<group>"; };
		B623070A1999D89300F26EF4 /* 11.jpg */ = {isa = PBXFileReference; lastKnownFileType = image.jpeg; path = 11.jpg; sourceTree = "<group>"; };
		B623070B1999D89300F26EF4 /* 12.jpg */ = {isa = PBXFileReference; lastKnownFileType = image.jpeg; path = 12.jpg; sourceTree = "<group>"; };
		B623070C1999D89300F26EF4 /* 13.jpg */ = {isa = PBXFileReference; lastKnownFileType = image.jpeg; path = 13.jpg; sourceTree = "<group>"; };
		B623070D1999D89300F26EF4 /* 14.jpg */ = {isa = PBXFileReference; lastKnownFileType = image.jpeg; path = 14.jpg; sourceTree = "<group>"; };
		B623070E1999D89300F26EF4 /* 15.jpg */ = {isa = PBXFileReference; lastKnownFileType = image.jpeg; path = 15.jpg; sourceTree = "<group>"; };
		B623070F1999D89300F26EF4 /* 16.jpg */ = {isa = PBXFileReference; lastKnownFileType = image.jpeg; path = 16.jpg; sourceTree = "<group>"; };
		B62307101999D89300F26EF4 /* 17.jpg */ = {isa = PBXFileReference; lastKnownFileType = image.jpeg; path = 17.jpg; sourceTree = "<group>"; };
		B62307111999D89300F26EF4 /* 18.jpg */ = {isa = PBXFileReference; lastKnownFileType = image.jpeg; path = 18.jpg; sourceTree = "<group>"; };
		B62307121999D89300F26EF4 /* 19.jpg */ = {isa = PBXFileReference; lastKnownFileType = image.jpeg; path = 19.jpg; sourceTree = "<group>"; };
		B62307131999D89300F26EF4 /* 20.jpg */ = {isa = PBXFileReference; lastKnownFileType = image.jpeg; path = 20.jpg; sourceTree = "<group>"; };
		B62307141999D89300F26EF4 /* 21.jpg */ = {isa = PBXFileReference; lastKnownFileType = image.jpeg; path = 21.jpg; sourceTree = "<group>"; };
		B62307151999D89300F26EF4 /* 22.jpg */ = {isa = PBXFileReference; lastKnownFileType = image.jpeg; path = 22.jpg; sourceTree = "<group>"; };
		B623072C1999DD2400F26EF4 /* AppModel.h */ = {isa = PBXFileReference; fileEncoding = 4; lastKnownFileType = sourcecode.c.h; path = AppModel.h; sourceTree = "<group>"; };
		B623072D1999DD2400F26EF4 /* AppModel.m */ = {isa = PBXFileReference; fileEncoding = 4; lastKnownFileType = sourcecode.c.objc; path = AppModel.m; sourceTree = "<group>"; };
		B62307761999E97B00F26EF4 /* PhotoViewController.h */ = {isa = PBXFileReference; fileEncoding = 4; lastKnownFileType = sourcecode.c.h; path = PhotoViewController.h; sourceTree = "<group>"; };
		B62307771999E97B00F26EF4 /* PhotoViewController.m */ = {isa = PBXFileReference; fileEncoding = 4; lastKnownFileType = sourcecode.c.objc; path = PhotoViewController.m; sourceTree = "<group>"; };
		B623077E199A0C3800F26EF4 /* ImageViewCell.h */ = {isa = PBXFileReference; fileEncoding = 4; lastKnownFileType = sourcecode.c.h; name = ImageViewCell.h; path = ../ImageViewCell.h; sourceTree = "<group>"; };
		B623077F199A0C3800F26EF4 /* ImageViewCell.m */ = {isa = PBXFileReference; fileEncoding = 4; lastKnownFileType = sourcecode.c.objc; name = ImageViewCell.m; path = ../ImageViewCell.m; sourceTree = "<group>"; };
		B6403C7119A32B22003A0D85 /* Reachability.h */ = {isa = PBXFileReference; fileEncoding = 4; lastKnownFileType = sourcecode.c.h; path = Reachability.h; sourceTree = "<group>"; };
		B6403C7219A32B22003A0D85 /* Reachability.m */ = {isa = PBXFileReference; fileEncoding = 4; lastKnownFileType = sourcecode.c.objc; path = Reachability.m; sourceTree = "<group>"; };
/* End PBXFileReference section */

/* Begin PBXFrameworksBuildPhase section */
		B62306C11999D83100F26EF4 /* Frameworks */ = {
			isa = PBXFrameworksBuildPhase;
			buildActionMask = 2147483647;
			files = (
				B62306CA1999D83100F26EF4 /* CoreGraphics.framework in Frameworks */,
				B62306CC1999D83100F26EF4 /* UIKit.framework in Frameworks */,
				B62306C81999D83100F26EF4 /* Foundation.framework in Frameworks */,
			);
			runOnlyForDeploymentPostprocessing = 0;
		};
		B62306E51999D83100F26EF4 /* Frameworks */ = {
			isa = PBXFrameworksBuildPhase;
			buildActionMask = 2147483647;
			files = (
				B62306EA1999D83100F26EF4 /* XCTest.framework in Frameworks */,
				B62306EC1999D83100F26EF4 /* UIKit.framework in Frameworks */,
				B62306EB1999D83100F26EF4 /* Foundation.framework in Frameworks */,
			);
			runOnlyForDeploymentPostprocessing = 0;
		};
/* End PBXFrameworksBuildPhase section */

/* Begin PBXGroup section */
		B62306BB1999D83100F26EF4 = {
			isa = PBXGroup;
			children = (
				B62306CD1999D83100F26EF4 /* MidtermTableView */,
				B62306EF1999D83100F26EF4 /* MidtermTableViewTests */,
				B62306C61999D83100F26EF4 /* Frameworks */,
				B62306C51999D83100F26EF4 /* Products */,
			);
			sourceTree = "<group>";
		};
		B62306C51999D83100F26EF4 /* Products */ = {
			isa = PBXGroup;
			children = (
				B62306C41999D83100F26EF4 /* MidtermTableView.app */,
				B62306E81999D83100F26EF4 /* MidtermTableViewTests.xctest */,
			);
			name = Products;
			sourceTree = "<group>";
		};
		B62306C61999D83100F26EF4 /* Frameworks */ = {
			isa = PBXGroup;
			children = (
				B62306C71999D83100F26EF4 /* Foundation.framework */,
				B62306C91999D83100F26EF4 /* CoreGraphics.framework */,
				B62306CB1999D83100F26EF4 /* UIKit.framework */,
				B62306E91999D83100F26EF4 /* XCTest.framework */,
			);
			name = Frameworks;
			sourceTree = "<group>";
		};
		B62306CD1999D83100F26EF4 /* MidtermTableView */ = {
			isa = PBXGroup;
			children = (
				B6403C7119A32B22003A0D85 /* Reachability.h */,
				B6403C7219A32B22003A0D85 /* Reachability.m */,
				B623077E199A0C3800F26EF4 /* ImageViewCell.h */,
				B623077F199A0C3800F26EF4 /* ImageViewCell.m */,
				B62306FF1999D87E00F26EF4 /* images */,
				B62306D61999D83100F26EF4 /* AppDelegate.h */,
				B62306D71999D83100F26EF4 /* AppDelegate.m */,
				B62306D91999D83100F26EF4 /* Main_iPhone.storyboard */,
				B62306DC1999D83100F26EF4 /* Main_iPad.storyboard */,
				B62306DF1999D83100F26EF4 /* AlbumViewController.h */,
				B62306E01999D83100F26EF4 /* AlbumViewController.m */,
				B62307761999E97B00F26EF4 /* PhotoViewController.h */,
				B62307771999E97B00F26EF4 /* PhotoViewController.m */,
				B623072C1999DD2400F26EF4 /* AppModel.h */,
				B623072D1999DD2400F26EF4 /* AppModel.m */,
				B62306E21999D83100F26EF4 /* Images.xcassets */,
				B62306CE1999D83100F26EF4 /* Supporting Files */,
			);
			path = MidtermTableView;
			sourceTree = "<group>";
		};
		B62306CE1999D83100F26EF4 /* Supporting Files */ = {
			isa = PBXGroup;
			children = (
				B62306CF1999D83100F26EF4 /* MidtermTableView-Info.plist */,
				B62306D01999D83100F26EF4 /* InfoPlist.strings */,
				B62306D31999D83100F26EF4 /* main.m */,
				B62306D51999D83100F26EF4 /* MidtermTableView-Prefix.pch */,
			);
			name = "Supporting Files";
			sourceTree = "<group>";
		};
		B62306EF1999D83100F26EF4 /* MidtermTableViewTests */ = {
			isa = PBXGroup;
			children = (
				B62306F51999D83100F26EF4 /* MidtermTableViewTests.m */,
				B62306F01999D83100F26EF4 /* Supporting Files */,
			);
			path = MidtermTableViewTests;
			sourceTree = "<group>";
		};
		B62306F01999D83100F26EF4 /* Supporting Files */ = {
			isa = PBXGroup;
			children = (
				B62306F11999D83100F26EF4 /* MidtermTableViewTests-Info.plist */,
				B62306F21999D83100F26EF4 /* InfoPlist.strings */,
			);
			name = "Supporting Files";
			sourceTree = "<group>";
		};
		B62306FF1999D87E00F26EF4 /* images */ = {
			isa = PBXGroup;
			children = (
				B62307001999D89300F26EF4 /* 01.jpg */,
				B62307011999D89300F26EF4 /* 02.jpg */,
				B62307021999D89300F26EF4 /* 03.jpg */,
				B62307031999D89300F26EF4 /* 04.jpg */,
				B62307041999D89300F26EF4 /* 05.jpg */,
				B62307051999D89300F26EF4 /* 06.jpg */,
				B62307061999D89300F26EF4 /* 07.jpg */,
				B62307071999D89300F26EF4 /* 08.jpg */,
				B62307081999D89300F26EF4 /* 09.jpg */,
				B62307091999D89300F26EF4 /* 10.jpg */,
				B623070A1999D89300F26EF4 /* 11.jpg */,
				B623070B1999D89300F26EF4 /* 12.jpg */,
				B623070C1999D89300F26EF4 /* 13.jpg */,
				B623070D1999D89300F26EF4 /* 14.jpg */,
				B623070E1999D89300F26EF4 /* 15.jpg */,
				B623070F1999D89300F26EF4 /* 16.jpg */,
				B62307101999D89300F26EF4 /* 17.jpg */,
				B62307111999D89300F26EF4 /* 18.jpg */,
				B62307121999D89300F26EF4 /* 19.jpg */,
				B62307131999D89300F26EF4 /* 20.jpg */,
				B62307141999D89300F26EF4 /* 21.jpg */,
				B62307151999D89300F26EF4 /* 22.jpg */,
			);
			name = images;
			sourceTree = "<group>";
		};
/* End PBXGroup section */

/* Begin PBXNativeTarget section */
		B62306C31999D83100F26EF4 /* MidtermTableView */ = {
			isa = PBXNativeTarget;
			buildConfigurationList = B62306F91999D83100F26EF4 /* Build configuration list for PBXNativeTarget "MidtermTableView" */;
			buildPhases = (
				B62306C01999D83100F26EF4 /* Sources */,
				B62306C11999D83100F26EF4 /* Frameworks */,
				B62306C21999D83100F26EF4 /* Resources */,
			);
			buildRules = (
			);
			dependencies = (
			);
			name = MidtermTableView;
			productName = MidtermTableView;
			productReference = B62306C41999D83100F26EF4 /* MidtermTableView.app */;
			productType = "com.apple.product-type.application";
		};
		B62306E71999D83100F26EF4 /* MidtermTableViewTests */ = {
			isa = PBXNativeTarget;
			buildConfigurationList = B62306FC1999D83100F26EF4 /* Build configuration list for PBXNativeTarget "MidtermTableViewTests" */;
			buildPhases = (
				B62306E41999D83100F26EF4 /* Sources */,
				B62306E51999D83100F26EF4 /* Frameworks */,
				B62306E61999D83100F26EF4 /* Resources */,
			);
			buildRules = (
			);
			dependencies = (
				B62306EE1999D83100F26EF4 /* PBXTargetDependency */,
			);
			name = MidtermTableViewTests;
			productName = MidtermTableViewTests;
			productReference = B62306E81999D83100F26EF4 /* MidtermTableViewTests.xctest */;
			productType = "com.apple.product-type.bundle.unit-test";
		};
/* End PBXNativeTarget section */

/* Begin PBXProject section */
		B62306BC1999D83100F26EF4 /* Project object */ = {
			isa = PBXProject;
			attributes = {
				LastUpgradeCheck = 0510;
				ORGANIZATIONNAME = "___NHNNEXT___";
				TargetAttributes = {
					B62306E71999D83100F26EF4 = {
						TestTargetID = B62306C31999D83100F26EF4;
					};
				};
			};
			buildConfigurationList = B62306BF1999D83100F26EF4 /* Build configuration list for PBXProject "MidtermTableView" */;
			compatibilityVersion = "Xcode 3.2";
			developmentRegion = English;
			hasScannedForEncodings = 0;
			knownRegions = (
				en,
				Base,
			);
			mainGroup = B62306BB1999D83100F26EF4;
			productRefGroup = B62306C51999D83100F26EF4 /* Products */;
			projectDirPath = "";
			projectRoot = "";
			targets = (
				B62306C31999D83100F26EF4 /* MidtermTableView */,
				B62306E71999D83100F26EF4 /* MidtermTableViewTests */,
			);
		};
/* End PBXProject section */

/* Begin PBXResourcesBuildPhase section */
		B62306C21999D83100F26EF4 /* Resources */ = {
			isa = PBXResourcesBuildPhase;
			buildActionMask = 2147483647;
			files = (
				B62307251999D89300F26EF4 /* 16.jpg in Resources */,
				B62307231999D89300F26EF4 /* 14.jpg in Resources */,
				B62307201999D89300F26EF4 /* 11.jpg in Resources */,
				B623071E1999D89300F26EF4 /* 09.jpg in Resources */,
				B62307181999D89300F26EF4 /* 03.jpg in Resources */,
				B623071D1999D89300F26EF4 /* 08.jpg in Resources */,
				B62307191999D89300F26EF4 /* 04.jpg in Resources */,
				B62307241999D89300F26EF4 /* 15.jpg in Resources */,
				B62307221999D89300F26EF4 /* 13.jpg in Resources */,
				B62307161999D89300F26EF4 /* 01.jpg in Resources */,
				B62307171999D89300F26EF4 /* 02.jpg in Resources */,
				B62307281999D89300F26EF4 /* 19.jpg in Resources */,
				B623071A1999D89300F26EF4 /* 05.jpg in Resources */,
				B623072B1999D89300F26EF4 /* 22.jpg in Resources */,
				B62307271999D89300F26EF4 /* 18.jpg in Resources */,
				B62307211999D89300F26EF4 /* 12.jpg in Resources */,
				B623071C1999D89300F26EF4 /* 07.jpg in Resources */,
				B623071F1999D89300F26EF4 /* 10.jpg in Resources */,
				B62307261999D89300F26EF4 /* 17.jpg in Resources */,
				B623071B1999D89300F26EF4 /* 06.jpg in Resources */,
				B62306DE1999D83100F26EF4 /* Main_iPad.storyboard in Resources */,
				B623072A1999D89300F26EF4 /* 21.jpg in Resources */,
				B62306E31999D83100F26EF4 /* Images.xcassets in Resources */,
				B62306DB1999D83100F26EF4 /* Main_iPhone.storyboard in Resources */,
				B62306D21999D83100F26EF4 /* InfoPlist.strings in Resources */,
				B62307291999D89300F26EF4 /* 20.jpg in Resources */,
			);
			runOnlyForDeploymentPostprocessing = 0;
		};
		B62306E61999D83100F26EF4 /* Resources */ = {
			isa = PBXResourcesBuildPhase;
			buildActionMask = 2147483647;
			files = (
				B62306F41999D83100F26EF4 /* InfoPlist.strings in Resources */,
			);
			runOnlyForDeploymentPostprocessing = 0;
		};
/* End PBXResourcesBuildPhase section */

/* Begin PBXSourcesBuildPhase section */
		B62306C01999D83100F26EF4 /* Sources */ = {
			isa = PBXSourcesBuildPhase;
			buildActionMask = 2147483647;
			files = (
				B6230780199A0C3800F26EF4 /* ImageViewCell.m in Sources */,
				B62306E11999D83100F26EF4 /* AlbumViewController.m in Sources */,
				B62306D81999D83100F26EF4 /* AppDelegate.m in Sources */,
				B6403C7319A32B22003A0D85 /* Reachability.m in Sources */,
				B62306D41999D83100F26EF4 /* main.m in Sources */,
				B623072E1999DD2400F26EF4 /* AppModel.m in Sources */,
				B62307781999E97B00F26EF4 /* PhotoViewController.m in Sources */,
			);
			runOnlyForDeploymentPostprocessing = 0;
		};
		B62306E41999D83100F26EF4 /* Sources */ = {
			isa = PBXSourcesBuildPhase;
			buildActionMask = 2147483647;
			files = (
				B62306F61999D83100F26EF4 /* MidtermTableViewTests.m in Sources */,
			);
			runOnlyForDeploymentPostprocessing = 0;
		};
/* End PBXSourcesBuildPhase section */

/* Begin PBXTargetDependency section */
		B62306EE1999D83100F26EF4 /* PBXTargetDependency */ = {
			isa = PBXTargetDependency;
			target = B62306C31999D83100F26EF4 /* MidtermTableView */;
			targetProxy = B62306ED1999D83100F26EF4 /* PBXContainerItemProxy */;
		};
/* End PBXTargetDependency section */

/* Begin PBXVariantGroup section */
		B62306D01999D83100F26EF4 /* InfoPlist.strings */ = {
			isa = PBXVariantGroup;
			children = (
				B62306D11999D83100F26EF4 /* en */,
			);
			name = InfoPlist.strings;
			sourceTree = "<group>";
		};
		B62306D91999D83100F26EF4 /* Main_iPhone.storyboard */ = {
			isa = PBXVariantGroup;
			children = (
				B62306DA1999D83100F26EF4 /* Base */,
			);
			name = Main_iPhone.storyboard;
			sourceTree = "<group>";
		};
		B62306DC1999D83100F26EF4 /* Main_iPad.storyboard */ = {
			isa = PBXVariantGroup;
			children = (
				B62306DD1999D83100F26EF4 /* Base */,
			);
			name = Main_iPad.storyboard;
			sourceTree = "<group>";
		};
		B62306F21999D83100F26EF4 /* InfoPlist.strings */ = {
			isa = PBXVariantGroup;
			children = (
				B62306F31999D83100F26EF4 /* en */,
			);
			name = InfoPlist.strings;
			sourceTree = "<group>";
		};
/* End PBXVariantGroup section */

/* Begin XCBuildConfiguration section */
		B62306F71999D83100F26EF4 /* Debug */ = {
			isa = XCBuildConfiguration;
			buildSettings = {
				ALWAYS_SEARCH_USER_PATHS = NO;
				CLANG_CXX_LANGUAGE_STANDARD = "gnu++0x";
				CLANG_CXX_LIBRARY = "libc++";
				CLANG_ENABLE_MODULES = YES;
				CLANG_ENABLE_OBJC_ARC = YES;
				CLANG_WARN_BOOL_CONVERSION = YES;
				CLANG_WARN_CONSTANT_CONVERSION = YES;
				CLANG_WARN_DIRECT_OBJC_ISA_USAGE = YES_ERROR;
				CLANG_WARN_EMPTY_BODY = YES;
				CLANG_WARN_ENUM_CONVERSION = YES;
				CLANG_WARN_INT_CONVERSION = YES;
				CLANG_WARN_OBJC_ROOT_CLASS = YES_ERROR;
				CLANG_WARN__DUPLICATE_METHOD_MATCH = YES;
				"CODE_SIGN_IDENTITY[sdk=iphoneos*]" = "iPhone Developer";
				COPY_PHASE_STRIP = NO;
				GCC_C_LANGUAGE_STANDARD = gnu99;
				GCC_DYNAMIC_NO_PIC = NO;
				GCC_OPTIMIZATION_LEVEL = 0;
				GCC_PREPROCESSOR_DEFINITIONS = (
					"DEBUG=1",
					"$(inherited)",
				);
				GCC_SYMBOLS_PRIVATE_EXTERN = NO;
				GCC_WARN_64_TO_32_BIT_CONVERSION = YES;
				GCC_WARN_ABOUT_RETURN_TYPE = YES_ERROR;
				GCC_WARN_UNDECLARED_SELECTOR = YES;
				GCC_WARN_UNINITIALIZED_AUTOS = YES_AGGRESSIVE;
				GCC_WARN_UNUSED_FUNCTION = YES;
				GCC_WARN_UNUSED_VARIABLE = YES;
				IPHONEOS_DEPLOYMENT_TARGET = 7.1;
				ONLY_ACTIVE_ARCH = YES;
				SDKROOT = iphoneos;
				TARGETED_DEVICE_FAMILY = "1,2";
			};
			name = Debug;
		};
		B62306F81999D83100F26EF4 /* Release */ = {
			isa = XCBuildConfiguration;
			buildSettings = {
				ALWAYS_SEARCH_USER_PATHS = NO;
				CLANG_CXX_LANGUAGE_STANDARD = "gnu++0x";
				CLANG_CXX_LIBRARY = "libc++";
				CLANG_ENABLE_MODULES = YES;
				CLANG_ENABLE_OBJC_ARC = YES;
				CLANG_WARN_BOOL_CONVERSION = YES;
				CLANG_WARN_CONSTANT_CONVERSION = YES;
				CLANG_WARN_DIRECT_OBJC_ISA_USAGE = YES_ERROR;
				CLANG_WARN_EMPTY_BODY = YES;
				CLANG_WARN_ENUM_CONVERSION = YES;
				CLANG_WARN_INT_CONVERSION = YES;
				CLANG_WARN_OBJC_ROOT_CLASS = YES_ERROR;
				CLANG_WARN__DUPLICATE_METHOD_MATCH = YES;
				"CODE_SIGN_IDENTITY[sdk=iphoneos*]" = "iPhone Developer";
				COPY_PHASE_STRIP = YES;
				ENABLE_NS_ASSERTIONS = NO;
				GCC_C_LANGUAGE_STANDARD = gnu99;
				GCC_WARN_64_TO_32_BIT_CONVERSION = YES;
				GCC_WARN_ABOUT_RETURN_TYPE = YES_ERROR;
				GCC_WARN_UNDECLARED_SELECTOR = YES;
				GCC_WARN_UNINITIALIZED_AUTOS = YES_AGGRESSIVE;
				GCC_WARN_UNUSED_FUNCTION = YES;
				GCC_WARN_UNUSED_VARIABLE = YES;
				IPHONEOS_DEPLOYMENT_TARGET = 7.1;
				SDKROOT = iphoneos;
				TARGETED_DEVICE_FAMILY = "1,2";
				VALIDATE_PRODUCT = YES;
			};
			name = Release;
		};
		B62306FA1999D83100F26EF4 /* Debug */ = {
			isa = XCBuildConfiguration;
			buildSettings = {
				ASSETCATALOG_COMPILER_APPICON_NAME = AppIcon;
				ASSETCATALOG_COMPILER_LAUNCHIMAGE_NAME = LaunchImage;
				GCC_PRECOMPILE_PREFIX_HEADER = YES;
				GCC_PREFIX_HEADER = "MidtermTableView/MidtermTableView-Prefix.pch";
				INFOPLIST_FILE = "MidtermTableView/MidtermTableView-Info.plist";
				PRODUCT_NAME = "$(TARGET_NAME)";
				WRAPPER_EXTENSION = app;
			};
			name = Debug;
		};
		B62306FB1999D83100F26EF4 /* Release */ = {
			isa = XCBuildConfiguration;
			buildSettings = {
				ASSETCATALOG_COMPILER_APPICON_NAME = AppIcon;
				ASSETCATALOG_COMPILER_LAUNCHIMAGE_NAME = LaunchImage;
				GCC_PRECOMPILE_PREFIX_HEADER = YES;
				GCC_PREFIX_HEADER = "MidtermTableView/MidtermTableView-Prefix.pch";
				INFOPLIST_FILE = "MidtermTableView/MidtermTableView-Info.plist";
				PRODUCT_NAME = "$(TARGET_NAME)";
				WRAPPER_EXTENSION = app;
			};
			name = Release;
		};
		B62306FD1999D83100F26EF4 /* Debug */ = {
			isa = XCBuildConfiguration;
			buildSettings = {
				BUNDLE_LOADER = "$(BUILT_PRODUCTS_DIR)/MidtermTableView.app/MidtermTableView";
				FRAMEWORK_SEARCH_PATHS = (
					"$(SDKROOT)/Developer/Library/Frameworks",
					"$(inherited)",
					"$(DEVELOPER_FRAMEWORKS_DIR)",
				);
				GCC_PRECOMPILE_PREFIX_HEADER = YES;
				GCC_PREFIX_HEADER = "MidtermTableView/MidtermTableView-Prefix.pch";
				GCC_PREPROCESSOR_DEFINITIONS = (
					"DEBUG=1",
					"$(inherited)",
				);
				INFOPLIST_FILE = "MidtermTableViewTests/MidtermTableViewTests-Info.plist";
				PRODUCT_NAME = "$(TARGET_NAME)";
				TEST_HOST = "$(BUNDLE_LOADER)";
				WRAPPER_EXTENSION = xctest;
			};
			name = Debug;
		};
		B62306FE1999D83100F26EF4 /* Release */ = {
			isa = XCBuildConfiguration;
			buildSettings = {
				BUNDLE_LOADER = "$(BUILT_PRODUCTS_DIR)/MidtermTableView.app/MidtermTableView";
				FRAMEWORK_SEARCH_PATHS = (
					"$(SDKROOT)/Developer/Library/Frameworks",
					"$(inherited)",
					"$(DEVELOPER_FRAMEWORKS_DIR)",
				);
				GCC_PRECOMPILE_PREFIX_HEADER = YES;
				GCC_PREFIX_HEADER = "MidtermTableView/MidtermTableView-Prefix.pch";
				INFOPLIST_FILE = "MidtermTableViewTests/MidtermTableViewTests-Info.plist";
				PRODUCT_NAME = "$(TARGET_NAME)";
				TEST_HOST = "$(BUNDLE_LOADER)";
				WRAPPER_EXTENSION = xctest;
			};
			name = Release;
		};
/* End XCBuildConfiguration section */

/* Begin XCConfigurationList section */
		B62306BF1999D83100F26EF4 /* Build configuration list for PBXProject "MidtermTableView" */ = {
			isa = XCConfigurationList;
			buildConfigurations = (
				B62306F71999D83100F26EF4 /* Debug */,
				B62306F81999D83100F26EF4 /* Release */,
			);
			defaultConfigurationIsVisible = 0;
			defaultConfigurationName = Release;
		};
		B62306F91999D83100F26EF4 /* Build configuration list for PBXNativeTarget "MidtermTableView" */ = {
			isa = XCConfigurationList;
			buildConfigurations = (
				B62306FA1999D83100F26EF4 /* Debug */,
				B62306FB1999D83100F26EF4 /* Release */,
			);
			defaultConfigurationIsVisible = 0;
			defaultConfigurationName = Release;
		};
		B62306FC1999D83100F26EF4 /* Build configuration list for PBXNativeTarget "MidtermTableViewTests" */ = {
			isa = XCConfigurationList;
			buildConfigurations = (
				B62306FD1999D83100F26EF4 /* Debug */,
				B62306FE1999D83100F26EF4 /* Release */,
			);
			defaultConfigurationIsVisible = 0;
			defaultConfigurationName = Release;
		};
/* End XCConfigurationList section */
	};
	rootObject = B62306BC1999D83100F26EF4 /* Project object */;
}
