// !$*UTF8*$!
{
	archiveVersion = 1;
	classes = {
	};
	objectVersion = 46;
	objects = {

/* Begin PBXBuildFile section */
		B6A9952E19D9A4C700A67D1B /* BoardsView.m in Sources */ = {isa = PBXBuildFile; fileRef = B6A9952D19D9A4C700A67D1B /* BoardsView.m */; };
		B6A9953519D9AF4800A67D1B /* BoardBannerVC.m in Sources */ = {isa = PBXBuildFile; fileRef = B6A9953319D9AF4800A67D1B /* BoardBannerVC.m */; };
		B6A9953619D9AF4800A67D1B /* BoardBannerVC.xib in Resources */ = {isa = PBXBuildFile; fileRef = B6A9953419D9AF4800A67D1B /* BoardBannerVC.xib */; };
		B6F8AE5E19B8703D005214DE /* Foundation.framework in Frameworks */ = {isa = PBXBuildFile; fileRef = B6F8AE5D19B8703D005214DE /* Foundation.framework */; };
		B6F8AE6019B8703D005214DE /* CoreGraphics.framework in Frameworks */ = {isa = PBXBuildFile; fileRef = B6F8AE5F19B8703D005214DE /* CoreGraphics.framework */; };
		B6F8AE6219B8703D005214DE /* UIKit.framework in Frameworks */ = {isa = PBXBuildFile; fileRef = B6F8AE6119B8703D005214DE /* UIKit.framework */; };
		B6F8AE6819B8703D005214DE /* InfoPlist.strings in Resources */ = {isa = PBXBuildFile; fileRef = B6F8AE6619B8703D005214DE /* InfoPlist.strings */; };
		B6F8AE6A19B8703D005214DE /* main.m in Sources */ = {isa = PBXBuildFile; fileRef = B6F8AE6919B8703D005214DE /* main.m */; };
		B6F8AE6E19B8703D005214DE /* AppDelegate.m in Sources */ = {isa = PBXBuildFile; fileRef = B6F8AE6D19B8703D005214DE /* AppDelegate.m */; };
		B6F8AE7119B8703D005214DE /* Main.storyboard in Resources */ = {isa = PBXBuildFile; fileRef = B6F8AE6F19B8703D005214DE /* Main.storyboard */; };
		B6F8AE7419B8703D005214DE /* ViewController.m in Sources */ = {isa = PBXBuildFile; fileRef = B6F8AE7319B8703D005214DE /* ViewController.m */; };
		B6F8AE7619B8703D005214DE /* Images.xcassets in Resources */ = {isa = PBXBuildFile; fileRef = B6F8AE7519B8703D005214DE /* Images.xcassets */; };
		B6F8AE7D19B8703D005214DE /* XCTest.framework in Frameworks */ = {isa = PBXBuildFile; fileRef = B6F8AE7C19B8703D005214DE /* XCTest.framework */; };
		B6F8AE7E19B8703D005214DE /* Foundation.framework in Frameworks */ = {isa = PBXBuildFile; fileRef = B6F8AE5D19B8703D005214DE /* Foundation.framework */; };
		B6F8AE7F19B8703D005214DE /* UIKit.framework in Frameworks */ = {isa = PBXBuildFile; fileRef = B6F8AE6119B8703D005214DE /* UIKit.framework */; };
		B6F8AE8719B8703D005214DE /* InfoPlist.strings in Resources */ = {isa = PBXBuildFile; fileRef = B6F8AE8519B8703D005214DE /* InfoPlist.strings */; };
		B6F8AE8919B8703D005214DE /* HorisontalCardScrollTests.m in Sources */ = {isa = PBXBuildFile; fileRef = B6F8AE8819B8703D005214DE /* HorisontalCardScrollTests.m */; };
		B6FBB33919D716F800B81BAC /* ArticlesView.m in Sources */ = {isa = PBXBuildFile; fileRef = B6FBB33819D716F800B81BAC /* ArticlesView.m */; };
		B6FBB34A19D7E0E600B81BAC /* SimpleThumbnailVC.m in Sources */ = {isa = PBXBuildFile; fileRef = B6FBB34819D7E0E600B81BAC /* SimpleThumbnailVC.m */; };
		B6FBB34B19D7E0E600B81BAC /* SimpleThumbnailVC.xib in Resources */ = {isa = PBXBuildFile; fileRef = B6FBB34919D7E0E600B81BAC /* SimpleThumbnailVC.xib */; };
/* End PBXBuildFile section */

/* Begin PBXContainerItemProxy section */
		B6F8AE8019B8703D005214DE /* PBXContainerItemProxy */ = {
			isa = PBXContainerItemProxy;
			containerPortal = B6F8AE5219B8703D005214DE /* Project object */;
			proxyType = 1;
			remoteGlobalIDString = B6F8AE5919B8703D005214DE;
			remoteInfo = HorisontalCardScroll;
		};
/* End PBXContainerItemProxy section */

/* Begin PBXFileReference section */
		B6A9952C19D9A4C700A67D1B /* BoardsView.h */ = {isa = PBXFileReference; fileEncoding = 4; lastKnownFileType = sourcecode.c.h; path = BoardsView.h; sourceTree = "<group>"; };
		B6A9952D19D9A4C700A67D1B /* BoardsView.m */ = {isa = PBXFileReference; fileEncoding = 4; lastKnownFileType = sourcecode.c.objc; path = BoardsView.m; sourceTree = "<group>"; };
		B6A9953219D9AF4800A67D1B /* BoardBannerVC.h */ = {isa = PBXFileReference; fileEncoding = 4; lastKnownFileType = sourcecode.c.h; name = BoardBannerVC.h; path = ../BoardBannerVC.h; sourceTree = "<group>"; };
		B6A9953319D9AF4800A67D1B /* BoardBannerVC.m */ = {isa = PBXFileReference; fileEncoding = 4; lastKnownFileType = sourcecode.c.objc; name = BoardBannerVC.m; path = ../BoardBannerVC.m; sourceTree = "<group>"; };
		B6A9953419D9AF4800A67D1B /* BoardBannerVC.xib */ = {isa = PBXFileReference; fileEncoding = 4; lastKnownFileType = file.xib; name = BoardBannerVC.xib; path = ../BoardBannerVC.xib; sourceTree = "<group>"; };
		B6F8AE5A19B8703D005214DE /* HorisontalCardScroll.app */ = {isa = PBXFileReference; explicitFileType = wrapper.application; includeInIndex = 0; path = HorisontalCardScroll.app; sourceTree = BUILT_PRODUCTS_DIR; };
		B6F8AE5D19B8703D005214DE /* Foundation.framework */ = {isa = PBXFileReference; lastKnownFileType = wrapper.framework; name = Foundation.framework; path = System/Library/Frameworks/Foundation.framework; sourceTree = SDKROOT; };
		B6F8AE5F19B8703D005214DE /* CoreGraphics.framework */ = {isa = PBXFileReference; lastKnownFileType = wrapper.framework; name = CoreGraphics.framework; path = System/Library/Frameworks/CoreGraphics.framework; sourceTree = SDKROOT; };
		B6F8AE6119B8703D005214DE /* UIKit.framework */ = {isa = PBXFileReference; lastKnownFileType = wrapper.framework; name = UIKit.framework; path = System/Library/Frameworks/UIKit.framework; sourceTree = SDKROOT; };
		B6F8AE6519B8703D005214DE /* HorisontalCardScroll-Info.plist */ = {isa = PBXFileReference; lastKnownFileType = text.plist.xml; path = "HorisontalCardScroll-Info.plist"; sourceTree = "<group>"; };
		B6F8AE6719B8703D005214DE /* en */ = {isa = PBXFileReference; lastKnownFileType = text.plist.strings; name = en; path = en.lproj/InfoPlist.strings; sourceTree = "<group>"; };
		B6F8AE6919B8703D005214DE /* main.m */ = {isa = PBXFileReference; lastKnownFileType = sourcecode.c.objc; path = main.m; sourceTree = "<group>"; };
		B6F8AE6B19B8703D005214DE /* HorisontalCardScroll-Prefix.pch */ = {isa = PBXFileReference; lastKnownFileType = sourcecode.c.h; path = "HorisontalCardScroll-Prefix.pch"; sourceTree = "<group>"; };
		B6F8AE6C19B8703D005214DE /* AppDelegate.h */ = {isa = PBXFileReference; lastKnownFileType = sourcecode.c.h; path = AppDelegate.h; sourceTree = "<group>"; };
		B6F8AE6D19B8703D005214DE /* AppDelegate.m */ = {isa = PBXFileReference; lastKnownFileType = sourcecode.c.objc; path = AppDelegate.m; sourceTree = "<group>"; };
		B6F8AE7019B8703D005214DE /* Base */ = {isa = PBXFileReference; lastKnownFileType = file.storyboard; name = Base; path = Base.lproj/Main.storyboard; sourceTree = "<group>"; };
		B6F8AE7219B8703D005214DE /* ViewController.h */ = {isa = PBXFileReference; lastKnownFileType = sourcecode.c.h; path = ViewController.h; sourceTree = "<group>"; };
		B6F8AE7319B8703D005214DE /* ViewController.m */ = {isa = PBXFileReference; lastKnownFileType = sourcecode.c.objc; path = ViewController.m; sourceTree = "<group>"; };
		B6F8AE7519B8703D005214DE /* Images.xcassets */ = {isa = PBXFileReference; lastKnownFileType = folder.assetcatalog; path = Images.xcassets; sourceTree = "<group>"; };
		B6F8AE7B19B8703D005214DE /* HorisontalCardScrollTests.xctest */ = {isa = PBXFileReference; explicitFileType = wrapper.cfbundle; includeInIndex = 0; path = HorisontalCardScrollTests.xctest; sourceTree = BUILT_PRODUCTS_DIR; };
		B6F8AE7C19B8703D005214DE /* XCTest.framework */ = {isa = PBXFileReference; lastKnownFileType = wrapper.framework; name = XCTest.framework; path = Library/Frameworks/XCTest.framework; sourceTree = DEVELOPER_DIR; };
		B6F8AE8419B8703D005214DE /* HorisontalCardScrollTests-Info.plist */ = {isa = PBXFileReference; lastKnownFileType = text.plist.xml; path = "HorisontalCardScrollTests-Info.plist"; sourceTree = "<group>"; };
		B6F8AE8619B8703D005214DE /* en */ = {isa = PBXFileReference; lastKnownFileType = text.plist.strings; name = en; path = en.lproj/InfoPlist.strings; sourceTree = "<group>"; };
		B6F8AE8819B8703D005214DE /* HorisontalCardScrollTests.m */ = {isa = PBXFileReference; lastKnownFileType = sourcecode.c.objc; path = HorisontalCardScrollTests.m; sourceTree = "<group>"; };
		B6FBB33719D716F800B81BAC /* ArticlesView.h */ = {isa = PBXFileReference; fileEncoding = 4; lastKnownFileType = sourcecode.c.h; path = ArticlesView.h; sourceTree = "<group>"; };
		B6FBB33819D716F800B81BAC /* ArticlesView.m */ = {isa = PBXFileReference; fileEncoding = 4; lastKnownFileType = sourcecode.c.objc; path = ArticlesView.m; sourceTree = "<group>"; };
		B6FBB34719D7E0E600B81BAC /* SimpleThumbnailVC.h */ = {isa = PBXFileReference; fileEncoding = 4; lastKnownFileType = sourcecode.c.h; path = SimpleThumbnailVC.h; sourceTree = "<group>"; };
		B6FBB34819D7E0E600B81BAC /* SimpleThumbnailVC.m */ = {isa = PBXFileReference; fileEncoding = 4; lastKnownFileType = sourcecode.c.objc; path = SimpleThumbnailVC.m; sourceTree = "<group>"; };
		B6FBB34919D7E0E600B81BAC /* SimpleThumbnailVC.xib */ = {isa = PBXFileReference; fileEncoding = 4; lastKnownFileType = file.xib; path = SimpleThumbnailVC.xib; sourceTree = "<group>"; };
/* End PBXFileReference section */

/* Begin PBXFrameworksBuildPhase section */
		B6F8AE5719B8703D005214DE /* Frameworks */ = {
			isa = PBXFrameworksBuildPhase;
			buildActionMask = 2147483647;
			files = (
				B6F8AE6019B8703D005214DE /* CoreGraphics.framework in Frameworks */,
				B6F8AE6219B8703D005214DE /* UIKit.framework in Frameworks */,
				B6F8AE5E19B8703D005214DE /* Foundation.framework in Frameworks */,
			);
			runOnlyForDeploymentPostprocessing = 0;
		};
		B6F8AE7819B8703D005214DE /* Frameworks */ = {
			isa = PBXFrameworksBuildPhase;
			buildActionMask = 2147483647;
			files = (
				B6F8AE7D19B8703D005214DE /* XCTest.framework in Frameworks */,
				B6F8AE7F19B8703D005214DE /* UIKit.framework in Frameworks */,
				B6F8AE7E19B8703D005214DE /* Foundation.framework in Frameworks */,
			);
			runOnlyForDeploymentPostprocessing = 0;
		};
/* End PBXFrameworksBuildPhase section */

/* Begin PBXGroup section */
		B6A9953A19DA55C000A67D1B /* CustomView */ = {
			isa = PBXGroup;
			children = (
				B6A9953219D9AF4800A67D1B /* BoardBannerVC.h */,
				B6A9953319D9AF4800A67D1B /* BoardBannerVC.m */,
				B6A9953419D9AF4800A67D1B /* BoardBannerVC.xib */,
				B6FBB34719D7E0E600B81BAC /* SimpleThumbnailVC.h */,
				B6FBB34819D7E0E600B81BAC /* SimpleThumbnailVC.m */,
				B6FBB34919D7E0E600B81BAC /* SimpleThumbnailVC.xib */,
			);
			name = CustomView;
			sourceTree = "<group>";
		};
		B6A9953B19DA55EF00A67D1B /* ScrollView */ = {
			isa = PBXGroup;
			children = (
				B6FBB33719D716F800B81BAC /* ArticlesView.h */,
				B6FBB33819D716F800B81BAC /* ArticlesView.m */,
				B6A9952C19D9A4C700A67D1B /* BoardsView.h */,
				B6A9952D19D9A4C700A67D1B /* BoardsView.m */,
			);
			name = ScrollView;
			sourceTree = "<group>";
		};
		B6F8AE5119B8703D005214DE = {
			isa = PBXGroup;
			children = (
				B6F8AE6319B8703D005214DE /* HorisontalCardScroll */,
				B6F8AE8219B8703D005214DE /* HorisontalCardScrollTests */,
				B6F8AE5C19B8703D005214DE /* Frameworks */,
				B6F8AE5B19B8703D005214DE /* Products */,
			);
			sourceTree = "<group>";
		};
		B6F8AE5B19B8703D005214DE /* Products */ = {
			isa = PBXGroup;
			children = (
				B6F8AE5A19B8703D005214DE /* HorisontalCardScroll.app */,
				B6F8AE7B19B8703D005214DE /* HorisontalCardScrollTests.xctest */,
			);
			name = Products;
			sourceTree = "<group>";
		};
		B6F8AE5C19B8703D005214DE /* Frameworks */ = {
			isa = PBXGroup;
			children = (
				B6F8AE5D19B8703D005214DE /* Foundation.framework */,
				B6F8AE5F19B8703D005214DE /* CoreGraphics.framework */,
				B6F8AE6119B8703D005214DE /* UIKit.framework */,
				B6F8AE7C19B8703D005214DE /* XCTest.framework */,
			);
			name = Frameworks;
			sourceTree = "<group>";
		};
		B6F8AE6319B8703D005214DE /* HorisontalCardScroll */ = {
			isa = PBXGroup;
			children = (
				B6A9953B19DA55EF00A67D1B /* ScrollView */,
				B6A9953A19DA55C000A67D1B /* CustomView */,
				B6F8AE6C19B8703D005214DE /* AppDelegate.h */,
				B6F8AE6D19B8703D005214DE /* AppDelegate.m */,
				B6F8AE6F19B8703D005214DE /* Main.storyboard */,
				B6F8AE7219B8703D005214DE /* ViewController.h */,
				B6F8AE7319B8703D005214DE /* ViewController.m */,
				B6F8AE7519B8703D005214DE /* Images.xcassets */,
				B6F8AE6419B8703D005214DE /* Supporting Files */,
			);
			path = HorisontalCardScroll;
			sourceTree = "<group>";
		};
		B6F8AE6419B8703D005214DE /* Supporting Files */ = {
			isa = PBXGroup;
			children = (
				B6F8AE6519B8703D005214DE /* HorisontalCardScroll-Info.plist */,
				B6F8AE6619B8703D005214DE /* InfoPlist.strings */,
				B6F8AE6919B8703D005214DE /* main.m */,
				B6F8AE6B19B8703D005214DE /* HorisontalCardScroll-Prefix.pch */,
			);
			name = "Supporting Files";
			sourceTree = "<group>";
		};
		B6F8AE8219B8703D005214DE /* HorisontalCardScrollTests */ = {
			isa = PBXGroup;
			children = (
				B6F8AE8819B8703D005214DE /* HorisontalCardScrollTests.m */,
				B6F8AE8319B8703D005214DE /* Supporting Files */,
			);
			path = HorisontalCardScrollTests;
			sourceTree = "<group>";
		};
		B6F8AE8319B8703D005214DE /* Supporting Files */ = {
			isa = PBXGroup;
			children = (
				B6F8AE8419B8703D005214DE /* HorisontalCardScrollTests-Info.plist */,
				B6F8AE8519B8703D005214DE /* InfoPlist.strings */,
			);
			name = "Supporting Files";
			sourceTree = "<group>";
		};
/* End PBXGroup section */

/* Begin PBXNativeTarget section */
		B6F8AE5919B8703D005214DE /* HorisontalCardScroll */ = {
			isa = PBXNativeTarget;
			buildConfigurationList = B6F8AE8C19B8703D005214DE /* Build configuration list for PBXNativeTarget "HorisontalCardScroll" */;
			buildPhases = (
				B6F8AE5619B8703D005214DE /* Sources */,
				B6F8AE5719B8703D005214DE /* Frameworks */,
				B6F8AE5819B8703D005214DE /* Resources */,
			);
			buildRules = (
			);
			dependencies = (
			);
			name = HorisontalCardScroll;
			productName = HorisontalCardScroll;
			productReference = B6F8AE5A19B8703D005214DE /* HorisontalCardScroll.app */;
			productType = "com.apple.product-type.application";
		};
		B6F8AE7A19B8703D005214DE /* HorisontalCardScrollTests */ = {
			isa = PBXNativeTarget;
			buildConfigurationList = B6F8AE8F19B8703D005214DE /* Build configuration list for PBXNativeTarget "HorisontalCardScrollTests" */;
			buildPhases = (
				B6F8AE7719B8703D005214DE /* Sources */,
				B6F8AE7819B8703D005214DE /* Frameworks */,
				B6F8AE7919B8703D005214DE /* Resources */,
			);
			buildRules = (
			);
			dependencies = (
				B6F8AE8119B8703D005214DE /* PBXTargetDependency */,
			);
			name = HorisontalCardScrollTests;
			productName = HorisontalCardScrollTests;
			productReference = B6F8AE7B19B8703D005214DE /* HorisontalCardScrollTests.xctest */;
			productType = "com.apple.product-type.bundle.unit-test";
		};
/* End PBXNativeTarget section */

/* Begin PBXProject section */
		B6F8AE5219B8703D005214DE /* Project object */ = {
			isa = PBXProject;
			attributes = {
				LastUpgradeCheck = 0510;
				ORGANIZATIONNAME = "___NHNNEXT___";
				TargetAttributes = {
					B6F8AE7A19B8703D005214DE = {
						TestTargetID = B6F8AE5919B8703D005214DE;
					};
				};
			};
			buildConfigurationList = B6F8AE5519B8703D005214DE /* Build configuration list for PBXProject "HorisontalCardScroll" */;
			compatibilityVersion = "Xcode 3.2";
			developmentRegion = English;
			hasScannedForEncodings = 0;
			knownRegions = (
				en,
				Base,
			);
			mainGroup = B6F8AE5119B8703D005214DE;
			productRefGroup = B6F8AE5B19B8703D005214DE /* Products */;
			projectDirPath = "";
			projectRoot = "";
			targets = (
				B6F8AE5919B8703D005214DE /* HorisontalCardScroll */,
				B6F8AE7A19B8703D005214DE /* HorisontalCardScrollTests */,
			);
		};
/* End PBXProject section */

/* Begin PBXResourcesBuildPhase section */
		B6F8AE5819B8703D005214DE /* Resources */ = {
			isa = PBXResourcesBuildPhase;
			buildActionMask = 2147483647;
			files = (
				B6A9953619D9AF4800A67D1B /* BoardBannerVC.xib in Resources */,
				B6F8AE7619B8703D005214DE /* Images.xcassets in Resources */,
				B6FBB34B19D7E0E600B81BAC /* SimpleThumbnailVC.xib in Resources */,
				B6F8AE6819B8703D005214DE /* InfoPlist.strings in Resources */,
				B6F8AE7119B8703D005214DE /* Main.storyboard in Resources */,
			);
			runOnlyForDeploymentPostprocessing = 0;
		};
		B6F8AE7919B8703D005214DE /* Resources */ = {
			isa = PBXResourcesBuildPhase;
			buildActionMask = 2147483647;
			files = (
				B6F8AE8719B8703D005214DE /* InfoPlist.strings in Resources */,
			);
			runOnlyForDeploymentPostprocessing = 0;
		};
/* End PBXResourcesBuildPhase section */

/* Begin PBXSourcesBuildPhase section */
		B6F8AE5619B8703D005214DE /* Sources */ = {
			isa = PBXSourcesBuildPhase;
			buildActionMask = 2147483647;
			files = (
				B6F8AE7419B8703D005214DE /* ViewController.m in Sources */,
				B6F8AE6E19B8703D005214DE /* AppDelegate.m in Sources */,
				B6F8AE6A19B8703D005214DE /* main.m in Sources */,
				B6FBB33919D716F800B81BAC /* ArticlesView.m in Sources */,
				B6A9953519D9AF4800A67D1B /* BoardBannerVC.m in Sources */,
				B6FBB34A19D7E0E600B81BAC /* SimpleThumbnailVC.m in Sources */,
				B6A9952E19D9A4C700A67D1B /* BoardsView.m in Sources */,
			);
			runOnlyForDeploymentPostprocessing = 0;
		};
		B6F8AE7719B8703D005214DE /* Sources */ = {
			isa = PBXSourcesBuildPhase;
			buildActionMask = 2147483647;
			files = (
				B6F8AE8919B8703D005214DE /* HorisontalCardScrollTests.m in Sources */,
			);
			runOnlyForDeploymentPostprocessing = 0;
		};
/* End PBXSourcesBuildPhase section */

/* Begin PBXTargetDependency section */
		B6F8AE8119B8703D005214DE /* PBXTargetDependency */ = {
			isa = PBXTargetDependency;
			target = B6F8AE5919B8703D005214DE /* HorisontalCardScroll */;
			targetProxy = B6F8AE8019B8703D005214DE /* PBXContainerItemProxy */;
		};
/* End PBXTargetDependency section */

/* Begin PBXVariantGroup section */
		B6F8AE6619B8703D005214DE /* InfoPlist.strings */ = {
			isa = PBXVariantGroup;
			children = (
				B6F8AE6719B8703D005214DE /* en */,
			);
			name = InfoPlist.strings;
			sourceTree = "<group>";
		};
		B6F8AE6F19B8703D005214DE /* Main.storyboard */ = {
			isa = PBXVariantGroup;
			children = (
				B6F8AE7019B8703D005214DE /* Base */,
			);
			name = Main.storyboard;
			sourceTree = "<group>";
		};
		B6F8AE8519B8703D005214DE /* InfoPlist.strings */ = {
			isa = PBXVariantGroup;
			children = (
				B6F8AE8619B8703D005214DE /* en */,
			);
			name = InfoPlist.strings;
			sourceTree = "<group>";
		};
/* End PBXVariantGroup section */

/* Begin XCBuildConfiguration section */
		B6F8AE8A19B8703D005214DE /* Debug */ = {
			isa = XCBuildConfiguration;
			buildSettings = {
				ALWAYS_SEARCH_USER_PATHS = NO;
				CLANG_CXX_LANGUAGE_STANDARD = "gnu++0x";
				CLANG_CXX_LIBRARY = "libc++";
				CLANG_ENABLE_MODULES = YES;
				CLANG_ENABLE_OBJC_ARC = YES;
				CLANG_WARN_BOOL_CONVERSION = YES;
				CLANG_WARN_CONSTANT_CONVERSION = YES;
				CLANG_WARN_DIRECT_OBJC_ISA_USAGE = YES_ERROR;
				CLANG_WARN_EMPTY_BODY = YES;
				CLANG_WARN_ENUM_CONVERSION = YES;
				CLANG_WARN_INT_CONVERSION = YES;
				CLANG_WARN_OBJC_ROOT_CLASS = YES_ERROR;
				CLANG_WARN__DUPLICATE_METHOD_MATCH = YES;
				"CODE_SIGN_IDENTITY[sdk=iphoneos*]" = "iPhone Developer";
				COPY_PHASE_STRIP = NO;
				GCC_C_LANGUAGE_STANDARD = gnu99;
				GCC_DYNAMIC_NO_PIC = NO;
				GCC_OPTIMIZATION_LEVEL = 0;
				GCC_PREPROCESSOR_DEFINITIONS = (
					"DEBUG=1",
					"$(inherited)",
				);
				GCC_SYMBOLS_PRIVATE_EXTERN = NO;
				GCC_WARN_64_TO_32_BIT_CONVERSION = YES;
				GCC_WARN_ABOUT_RETURN_TYPE = YES_ERROR;
				GCC_WARN_UNDECLARED_SELECTOR = YES;
				GCC_WARN_UNINITIALIZED_AUTOS = YES_AGGRESSIVE;
				GCC_WARN_UNUSED_FUNCTION = YES;
				GCC_WARN_UNUSED_VARIABLE = YES;
				IPHONEOS_DEPLOYMENT_TARGET = 7.1;
				ONLY_ACTIVE_ARCH = YES;
				SDKROOT = iphoneos;
			};
			name = Debug;
		};
		B6F8AE8B19B8703D005214DE /* Release */ = {
			isa = XCBuildConfiguration;
			buildSettings = {
				ALWAYS_SEARCH_USER_PATHS = NO;
				CLANG_CXX_LANGUAGE_STANDARD = "gnu++0x";
				CLANG_CXX_LIBRARY = "libc++";
				CLANG_ENABLE_MODULES = YES;
				CLANG_ENABLE_OBJC_ARC = YES;
				CLANG_WARN_BOOL_CONVERSION = YES;
				CLANG_WARN_CONSTANT_CONVERSION = YES;
				CLANG_WARN_DIRECT_OBJC_ISA_USAGE = YES_ERROR;
				CLANG_WARN_EMPTY_BODY = YES;
				CLANG_WARN_ENUM_CONVERSION = YES;
				CLANG_WARN_INT_CONVERSION = YES;
				CLANG_WARN_OBJC_ROOT_CLASS = YES_ERROR;
				CLANG_WARN__DUPLICATE_METHOD_MATCH = YES;
				"CODE_SIGN_IDENTITY[sdk=iphoneos*]" = "iPhone Developer";
				COPY_PHASE_STRIP = YES;
				ENABLE_NS_ASSERTIONS = NO;
				GCC_C_LANGUAGE_STANDARD = gnu99;
				GCC_WARN_64_TO_32_BIT_CONVERSION = YES;
				GCC_WARN_ABOUT_RETURN_TYPE = YES_ERROR;
				GCC_WARN_UNDECLARED_SELECTOR = YES;
				GCC_WARN_UNINITIALIZED_AUTOS = YES_AGGRESSIVE;
				GCC_WARN_UNUSED_FUNCTION = YES;
				GCC_WARN_UNUSED_VARIABLE = YES;
				IPHONEOS_DEPLOYMENT_TARGET = 7.1;
				SDKROOT = iphoneos;
				VALIDATE_PRODUCT = YES;
			};
			name = Release;
		};
		B6F8AE8D19B8703D005214DE /* Debug */ = {
			isa = XCBuildConfiguration;
			buildSettings = {
				ASSETCATALOG_COMPILER_APPICON_NAME = AppIcon;
				ASSETCATALOG_COMPILER_LAUNCHIMAGE_NAME = LaunchImage;
				GCC_PRECOMPILE_PREFIX_HEADER = YES;
				GCC_PREFIX_HEADER = "HorisontalCardScroll/HorisontalCardScroll-Prefix.pch";
				INFOPLIST_FILE = "HorisontalCardScroll/HorisontalCardScroll-Info.plist";
				PRODUCT_NAME = "$(TARGET_NAME)";
				TARGETED_DEVICE_FAMILY = 2;
				WRAPPER_EXTENSION = app;
			};
			name = Debug;
		};
		B6F8AE8E19B8703D005214DE /* Release */ = {
			isa = XCBuildConfiguration;
			buildSettings = {
				ASSETCATALOG_COMPILER_APPICON_NAME = AppIcon;
				ASSETCATALOG_COMPILER_LAUNCHIMAGE_NAME = LaunchImage;
				GCC_PRECOMPILE_PREFIX_HEADER = YES;
				GCC_PREFIX_HEADER = "HorisontalCardScroll/HorisontalCardScroll-Prefix.pch";
				INFOPLIST_FILE = "HorisontalCardScroll/HorisontalCardScroll-Info.plist";
				PRODUCT_NAME = "$(TARGET_NAME)";
				TARGETED_DEVICE_FAMILY = 2;
				WRAPPER_EXTENSION = app;
			};
			name = Release;
		};
		B6F8AE9019B8703D005214DE /* Debug */ = {
			isa = XCBuildConfiguration;
			buildSettings = {
				BUNDLE_LOADER = "$(BUILT_PRODUCTS_DIR)/HorisontalCardScroll.app/HorisontalCardScroll";
				FRAMEWORK_SEARCH_PATHS = (
					"$(SDKROOT)/Developer/Library/Frameworks",
					"$(inherited)",
					"$(DEVELOPER_FRAMEWORKS_DIR)",
				);
				GCC_PRECOMPILE_PREFIX_HEADER = YES;
				GCC_PREFIX_HEADER = "HorisontalCardScroll/HorisontalCardScroll-Prefix.pch";
				GCC_PREPROCESSOR_DEFINITIONS = (
					"DEBUG=1",
					"$(inherited)",
				);
				INFOPLIST_FILE = "HorisontalCardScrollTests/HorisontalCardScrollTests-Info.plist";
				PRODUCT_NAME = "$(TARGET_NAME)";
				TEST_HOST = "$(BUNDLE_LOADER)";
				WRAPPER_EXTENSION = xctest;
			};
			name = Debug;
		};
		B6F8AE9119B8703D005214DE /* Release */ = {
			isa = XCBuildConfiguration;
			buildSettings = {
				BUNDLE_LOADER = "$(BUILT_PRODUCTS_DIR)/HorisontalCardScroll.app/HorisontalCardScroll";
				FRAMEWORK_SEARCH_PATHS = (
					"$(SDKROOT)/Developer/Library/Frameworks",
					"$(inherited)",
					"$(DEVELOPER_FRAMEWORKS_DIR)",
				);
				GCC_PRECOMPILE_PREFIX_HEADER = YES;
				GCC_PREFIX_HEADER = "HorisontalCardScroll/HorisontalCardScroll-Prefix.pch";
				INFOPLIST_FILE = "HorisontalCardScrollTests/HorisontalCardScrollTests-Info.plist";
				PRODUCT_NAME = "$(TARGET_NAME)";
				TEST_HOST = "$(BUNDLE_LOADER)";
				WRAPPER_EXTENSION = xctest;
			};
			name = Release;
		};
/* End XCBuildConfiguration section */

/* Begin XCConfigurationList section */
		B6F8AE5519B8703D005214DE /* Build configuration list for PBXProject "HorisontalCardScroll" */ = {
			isa = XCConfigurationList;
			buildConfigurations = (
				B6F8AE8A19B8703D005214DE /* Debug */,
				B6F8AE8B19B8703D005214DE /* Release */,
			);
			defaultConfigurationIsVisible = 0;
			defaultConfigurationName = Release;
		};
		B6F8AE8C19B8703D005214DE /* Build configuration list for PBXNativeTarget "HorisontalCardScroll" */ = {
			isa = XCConfigurationList;
			buildConfigurations = (
				B6F8AE8D19B8703D005214DE /* Debug */,
				B6F8AE8E19B8703D005214DE /* Release */,
			);
			defaultConfigurationIsVisible = 0;
			defaultConfigurationName = Release;
		};
		B6F8AE8F19B8703D005214DE /* Build configuration list for PBXNativeTarget "HorisontalCardScrollTests" */ = {
			isa = XCConfigurationList;
			buildConfigurations = (
				B6F8AE9019B8703D005214DE /* Debug */,
				B6F8AE9119B8703D005214DE /* Release */,
			);
			defaultConfigurationIsVisible = 0;
			defaultConfigurationName = Release;
		};
/* End XCConfigurationList section */
	};
	rootObject = B6F8AE5219B8703D005214DE /* Project object */;
}
