// !$*UTF8*$!
{
	archiveVersion = 1;
	classes = {
	};
	objectVersion = 46;
	objects = {

/* Begin PBXBuildFile section */
		B6A3C2E319D1600100A08FF4 /* main.m in Sources */ = {isa = PBXBuildFile; fileRef = B6A3C2E219D1600100A08FF4 /* main.m */; };
		B6A3C2E619D1600100A08FF4 /* AppDelegate.m in Sources */ = {isa = PBXBuildFile; fileRef = B6A3C2E519D1600100A08FF4 /* AppDelegate.m */; };
		B6A3C2E919D1600100A08FF4 /* ViewController.m in Sources */ = {isa = PBXBuildFile; fileRef = B6A3C2E819D1600100A08FF4 /* ViewController.m */; };
		B6A3C2EC19D1600100A08FF4 /* Main.storyboard in Resources */ = {isa = PBXBuildFile; fileRef = B6A3C2EA19D1600100A08FF4 /* Main.storyboard */; };
		B6A3C2EE19D1600100A08FF4 /* Images.xcassets in Resources */ = {isa = PBXBuildFile; fileRef = B6A3C2ED19D1600100A08FF4 /* Images.xcassets */; };
		B6A3C2F119D1600100A08FF4 /* LaunchScreen.xib in Resources */ = {isa = PBXBuildFile; fileRef = B6A3C2EF19D1600100A08FF4 /* LaunchScreen.xib */; };
		B6A3C2FD19D1600100A08FF4 /* xmlanddbinsertTests.m in Sources */ = {isa = PBXBuildFile; fileRef = B6A3C2FC19D1600100A08FF4 /* xmlanddbinsertTests.m */; };
		B6A3C30819D1601900A08FF4 /* rssPatcher.m in Sources */ = {isa = PBXBuildFile; fileRef = B6A3C30719D1601900A08FF4 /* rssPatcher.m */; };
/* End PBXBuildFile section */

/* Begin PBXContainerItemProxy section */
		B6A3C2F719D1600100A08FF4 /* PBXContainerItemProxy */ = {
			isa = PBXContainerItemProxy;
			containerPortal = B6A3C2D519D1600100A08FF4 /* Project object */;
			proxyType = 1;
			remoteGlobalIDString = B6A3C2DC19D1600100A08FF4;
			remoteInfo = xmlanddbinsert;
		};
/* End PBXContainerItemProxy section */

/* Begin PBXFileReference section */
		B6A3C2DD19D1600100A08FF4 /* xmlanddbinsert.app */ = {isa = PBXFileReference; explicitFileType = wrapper.application; includeInIndex = 0; path = xmlanddbinsert.app; sourceTree = BUILT_PRODUCTS_DIR; };
		B6A3C2E119D1600100A08FF4 /* Info.plist */ = {isa = PBXFileReference; lastKnownFileType = text.plist.xml; path = Info.plist; sourceTree = "<group>"; };
		B6A3C2E219D1600100A08FF4 /* main.m */ = {isa = PBXFileReference; lastKnownFileType = sourcecode.c.objc; path = main.m; sourceTree = "<group>"; };
		B6A3C2E419D1600100A08FF4 /* AppDelegate.h */ = {isa = PBXFileReference; lastKnownFileType = sourcecode.c.h; path = AppDelegate.h; sourceTree = "<group>"; };
		B6A3C2E519D1600100A08FF4 /* AppDelegate.m */ = {isa = PBXFileReference; lastKnownFileType = sourcecode.c.objc; path = AppDelegate.m; sourceTree = "<group>"; };
		B6A3C2E719D1600100A08FF4 /* ViewController.h */ = {isa = PBXFileReference; lastKnownFileType = sourcecode.c.h; path = ViewController.h; sourceTree = "<group>"; };
		B6A3C2E819D1600100A08FF4 /* ViewController.m */ = {isa = PBXFileReference; lastKnownFileType = sourcecode.c.objc; path = ViewController.m; sourceTree = "<group>"; };
		B6A3C2EB19D1600100A08FF4 /* Base */ = {isa = PBXFileReference; lastKnownFileType = file.storyboard; name = Base; path = Base.lproj/Main.storyboard; sourceTree = "<group>"; };
		B6A3C2ED19D1600100A08FF4 /* Images.xcassets */ = {isa = PBXFileReference; lastKnownFileType = folder.assetcatalog; path = Images.xcassets; sourceTree = "<group>"; };
		B6A3C2F019D1600100A08FF4 /* Base */ = {isa = PBXFileReference; lastKnownFileType = file.xib; name = Base; path = Base.lproj/LaunchScreen.xib; sourceTree = "<group>"; };
		B6A3C2F619D1600100A08FF4 /* xmlanddbinsertTests.xctest */ = {isa = PBXFileReference; explicitFileType = wrapper.cfbundle; includeInIndex = 0; path = xmlanddbinsertTests.xctest; sourceTree = BUILT_PRODUCTS_DIR; };
		B6A3C2FB19D1600100A08FF4 /* Info.plist */ = {isa = PBXFileReference; lastKnownFileType = text.plist.xml; path = Info.plist; sourceTree = "<group>"; };
		B6A3C2FC19D1600100A08FF4 /* xmlanddbinsertTests.m */ = {isa = PBXFileReference; lastKnownFileType = sourcecode.c.objc; path = xmlanddbinsertTests.m; sourceTree = "<group>"; };
		B6A3C30619D1601900A08FF4 /* rssPatcher.h */ = {isa = PBXFileReference; fileEncoding = 4; lastKnownFileType = sourcecode.c.h; path = rssPatcher.h; sourceTree = "<group>"; };
		B6A3C30719D1601900A08FF4 /* rssPatcher.m */ = {isa = PBXFileReference; fileEncoding = 4; lastKnownFileType = sourcecode.c.objc; path = rssPatcher.m; sourceTree = "<group>"; };
/* End PBXFileReference section */

/* Begin PBXFrameworksBuildPhase section */
		B6A3C2DA19D1600100A08FF4 /* Frameworks */ = {
			isa = PBXFrameworksBuildPhase;
			buildActionMask = 2147483647;
			files = (
			);
			runOnlyForDeploymentPostprocessing = 0;
		};
		B6A3C2F319D1600100A08FF4 /* Frameworks */ = {
			isa = PBXFrameworksBuildPhase;
			buildActionMask = 2147483647;
			files = (
			);
			runOnlyForDeploymentPostprocessing = 0;
		};
/* End PBXFrameworksBuildPhase section */

/* Begin PBXGroup section */
		B6A3C2D419D1600100A08FF4 = {
			isa = PBXGroup;
			children = (
				B6A3C2DF19D1600100A08FF4 /* xmlanddbinsert */,
				B6A3C2F919D1600100A08FF4 /* xmlanddbinsertTests */,
				B6A3C2DE19D1600100A08FF4 /* Products */,
			);
			sourceTree = "<group>";
		};
		B6A3C2DE19D1600100A08FF4 /* Products */ = {
			isa = PBXGroup;
			children = (
				B6A3C2DD19D1600100A08FF4 /* xmlanddbinsert.app */,
				B6A3C2F619D1600100A08FF4 /* xmlanddbinsertTests.xctest */,
			);
			name = Products;
			sourceTree = "<group>";
		};
		B6A3C2DF19D1600100A08FF4 /* xmlanddbinsert */ = {
			isa = PBXGroup;
			children = (
				B6A3C30619D1601900A08FF4 /* rssPatcher.h */,
				B6A3C30719D1601900A08FF4 /* rssPatcher.m */,
				B6A3C2E419D1600100A08FF4 /* AppDelegate.h */,
				B6A3C2E519D1600100A08FF4 /* AppDelegate.m */,
				B6A3C2E719D1600100A08FF4 /* ViewController.h */,
				B6A3C2E819D1600100A08FF4 /* ViewController.m */,
				B6A3C2EA19D1600100A08FF4 /* Main.storyboard */,
				B6A3C2ED19D1600100A08FF4 /* Images.xcassets */,
				B6A3C2EF19D1600100A08FF4 /* LaunchScreen.xib */,
				B6A3C2E019D1600100A08FF4 /* Supporting Files */,
			);
			path = xmlanddbinsert;
			sourceTree = "<group>";
		};
		B6A3C2E019D1600100A08FF4 /* Supporting Files */ = {
			isa = PBXGroup;
			children = (
				B6A3C2E119D1600100A08FF4 /* Info.plist */,
				B6A3C2E219D1600100A08FF4 /* main.m */,
			);
			name = "Supporting Files";
			sourceTree = "<group>";
		};
		B6A3C2F919D1600100A08FF4 /* xmlanddbinsertTests */ = {
			isa = PBXGroup;
			children = (
				B6A3C2FC19D1600100A08FF4 /* xmlanddbinsertTests.m */,
				B6A3C2FA19D1600100A08FF4 /* Supporting Files */,
			);
			path = xmlanddbinsertTests;
			sourceTree = "<group>";
		};
		B6A3C2FA19D1600100A08FF4 /* Supporting Files */ = {
			isa = PBXGroup;
			children = (
				B6A3C2FB19D1600100A08FF4 /* Info.plist */,
			);
			name = "Supporting Files";
			sourceTree = "<group>";
		};
/* End PBXGroup section */

/* Begin PBXNativeTarget section */
		B6A3C2DC19D1600100A08FF4 /* xmlanddbinsert */ = {
			isa = PBXNativeTarget;
			buildConfigurationList = B6A3C30019D1600100A08FF4 /* Build configuration list for PBXNativeTarget "xmlanddbinsert" */;
			buildPhases = (
				B6A3C2D919D1600100A08FF4 /* Sources */,
				B6A3C2DA19D1600100A08FF4 /* Frameworks */,
				B6A3C2DB19D1600100A08FF4 /* Resources */,
			);
			buildRules = (
			);
			dependencies = (
			);
			name = xmlanddbinsert;
			productName = xmlanddbinsert;
			productReference = B6A3C2DD19D1600100A08FF4 /* xmlanddbinsert.app */;
			productType = "com.apple.product-type.application";
		};
		B6A3C2F519D1600100A08FF4 /* xmlanddbinsertTests */ = {
			isa = PBXNativeTarget;
			buildConfigurationList = B6A3C30319D1600100A08FF4 /* Build configuration list for PBXNativeTarget "xmlanddbinsertTests" */;
			buildPhases = (
				B6A3C2F219D1600100A08FF4 /* Sources */,
				B6A3C2F319D1600100A08FF4 /* Frameworks */,
				B6A3C2F419D1600100A08FF4 /* Resources */,
			);
			buildRules = (
			);
			dependencies = (
				B6A3C2F819D1600100A08FF4 /* PBXTargetDependency */,
			);
			name = xmlanddbinsertTests;
			productName = xmlanddbinsertTests;
			productReference = B6A3C2F619D1600100A08FF4 /* xmlanddbinsertTests.xctest */;
			productType = "com.apple.product-type.bundle.unit-test";
		};
/* End PBXNativeTarget section */

/* Begin PBXProject section */
		B6A3C2D519D1600100A08FF4 /* Project object */ = {
			isa = PBXProject;
			attributes = {
				LastUpgradeCheck = 0600;
				ORGANIZATIONNAME = "___NHNNEXT___";
				TargetAttributes = {
					B6A3C2DC19D1600100A08FF4 = {
						CreatedOnToolsVersion = 6.0;
					};
					B6A3C2F519D1600100A08FF4 = {
						CreatedOnToolsVersion = 6.0;
						TestTargetID = B6A3C2DC19D1600100A08FF4;
					};
				};
			};
			buildConfigurationList = B6A3C2D819D1600100A08FF4 /* Build configuration list for PBXProject "xmlanddbinsert" */;
			compatibilityVersion = "Xcode 3.2";
			developmentRegion = English;
			hasScannedForEncodings = 0;
			knownRegions = (
				en,
				Base,
			);
			mainGroup = B6A3C2D419D1600100A08FF4;
			productRefGroup = B6A3C2DE19D1600100A08FF4 /* Products */;
			projectDirPath = "";
			projectRoot = "";
			targets = (
				B6A3C2DC19D1600100A08FF4 /* xmlanddbinsert */,
				B6A3C2F519D1600100A08FF4 /* xmlanddbinsertTests */,
			);
		};
/* End PBXProject section */

/* Begin PBXResourcesBuildPhase section */
		B6A3C2DB19D1600100A08FF4 /* Resources */ = {
			isa = PBXResourcesBuildPhase;
			buildActionMask = 2147483647;
			files = (
				B6A3C2EC19D1600100A08FF4 /* Main.storyboard in Resources */,
				B6A3C2F119D1600100A08FF4 /* LaunchScreen.xib in Resources */,
				B6A3C2EE19D1600100A08FF4 /* Images.xcassets in Resources */,
			);
			runOnlyForDeploymentPostprocessing = 0;
		};
		B6A3C2F419D1600100A08FF4 /* Resources */ = {
			isa = PBXResourcesBuildPhase;
			buildActionMask = 2147483647;
			files = (
			);
			runOnlyForDeploymentPostprocessing = 0;
		};
/* End PBXResourcesBuildPhase section */

/* Begin PBXSourcesBuildPhase section */
		B6A3C2D919D1600100A08FF4 /* Sources */ = {
			isa = PBXSourcesBuildPhase;
			buildActionMask = 2147483647;
			files = (
				B6A3C2E919D1600100A08FF4 /* ViewController.m in Sources */,
				B6A3C2E619D1600100A08FF4 /* AppDelegate.m in Sources */,
				B6A3C30819D1601900A08FF4 /* rssPatcher.m in Sources */,
				B6A3C2E319D1600100A08FF4 /* main.m in Sources */,
			);
			runOnlyForDeploymentPostprocessing = 0;
		};
		B6A3C2F219D1600100A08FF4 /* Sources */ = {
			isa = PBXSourcesBuildPhase;
			buildActionMask = 2147483647;
			files = (
				B6A3C2FD19D1600100A08FF4 /* xmlanddbinsertTests.m in Sources */,
			);
			runOnlyForDeploymentPostprocessing = 0;
		};
/* End PBXSourcesBuildPhase section */

/* Begin PBXTargetDependency section */
		B6A3C2F819D1600100A08FF4 /* PBXTargetDependency */ = {
			isa = PBXTargetDependency;
			target = B6A3C2DC19D1600100A08FF4 /* xmlanddbinsert */;
			targetProxy = B6A3C2F719D1600100A08FF4 /* PBXContainerItemProxy */;
		};
/* End PBXTargetDependency section */

/* Begin PBXVariantGroup section */
		B6A3C2EA19D1600100A08FF4 /* Main.storyboard */ = {
			isa = PBXVariantGroup;
			children = (
				B6A3C2EB19D1600100A08FF4 /* Base */,
			);
			name = Main.storyboard;
			sourceTree = "<group>";
		};
		B6A3C2EF19D1600100A08FF4 /* LaunchScreen.xib */ = {
			isa = PBXVariantGroup;
			children = (
				B6A3C2F019D1600100A08FF4 /* Base */,
			);
			name = LaunchScreen.xib;
			sourceTree = "<group>";
		};
/* End PBXVariantGroup section */

/* Begin XCBuildConfiguration section */
		B6A3C2FE19D1600100A08FF4 /* Debug */ = {
			isa = XCBuildConfiguration;
			buildSettings = {
				ALWAYS_SEARCH_USER_PATHS = NO;
				CLANG_CXX_LANGUAGE_STANDARD = "gnu++0x";
				CLANG_CXX_LIBRARY = "libc++";
				CLANG_ENABLE_MODULES = YES;
				CLANG_ENABLE_OBJC_ARC = YES;
				CLANG_WARN_BOOL_CONVERSION = YES;
				CLANG_WARN_CONSTANT_CONVERSION = YES;
				CLANG_WARN_DIRECT_OBJC_ISA_USAGE = YES_ERROR;
				CLANG_WARN_EMPTY_BODY = YES;
				CLANG_WARN_ENUM_CONVERSION = YES;
				CLANG_WARN_INT_CONVERSION = YES;
				CLANG_WARN_OBJC_ROOT_CLASS = YES_ERROR;
				CLANG_WARN_UNREACHABLE_CODE = YES;
				CLANG_WARN__DUPLICATE_METHOD_MATCH = YES;
				"CODE_SIGN_IDENTITY[sdk=iphoneos*]" = "iPhone Developer";
				COPY_PHASE_STRIP = NO;
				ENABLE_STRICT_OBJC_MSGSEND = YES;
				GCC_C_LANGUAGE_STANDARD = gnu99;
				GCC_DYNAMIC_NO_PIC = NO;
				GCC_OPTIMIZATION_LEVEL = 0;
				GCC_PREPROCESSOR_DEFINITIONS = (
					"DEBUG=1",
					"$(inherited)",
				);
				GCC_SYMBOLS_PRIVATE_EXTERN = NO;
				GCC_WARN_64_TO_32_BIT_CONVERSION = YES;
				GCC_WARN_ABOUT_RETURN_TYPE = YES_ERROR;
				GCC_WARN_UNDECLARED_SELECTOR = YES;
				GCC_WARN_UNINITIALIZED_AUTOS = YES_AGGRESSIVE;
				GCC_WARN_UNUSED_FUNCTION = YES;
				GCC_WARN_UNUSED_VARIABLE = YES;
				IPHONEOS_DEPLOYMENT_TARGET = 8.0;
				MTL_ENABLE_DEBUG_INFO = YES;
				ONLY_ACTIVE_ARCH = YES;
				SDKROOT = iphoneos;
			};
			name = Debug;
		};
		B6A3C2FF19D1600100A08FF4 /* Release */ = {
			isa = XCBuildConfiguration;
			buildSettings = {
				ALWAYS_SEARCH_USER_PATHS = NO;
				CLANG_CXX_LANGUAGE_STANDARD = "gnu++0x";
				CLANG_CXX_LIBRARY = "libc++";
				CLANG_ENABLE_MODULES = YES;
				CLANG_ENABLE_OBJC_ARC = YES;
				CLANG_WARN_BOOL_CONVERSION = YES;
				CLANG_WARN_CONSTANT_CONVERSION = YES;
				CLANG_WARN_DIRECT_OBJC_ISA_USAGE = YES_ERROR;
				CLANG_WARN_EMPTY_BODY = YES;
				CLANG_WARN_ENUM_CONVERSION = YES;
				CLANG_WARN_INT_CONVERSION = YES;
				CLANG_WARN_OBJC_ROOT_CLASS = YES_ERROR;
				CLANG_WARN_UNREACHABLE_CODE = YES;
				CLANG_WARN__DUPLICATE_METHOD_MATCH = YES;
				"CODE_SIGN_IDENTITY[sdk=iphoneos*]" = "iPhone Developer";
				COPY_PHASE_STRIP = YES;
				ENABLE_NS_ASSERTIONS = NO;
				ENABLE_STRICT_OBJC_MSGSEND = YES;
				GCC_C_LANGUAGE_STANDARD = gnu99;
				GCC_WARN_64_TO_32_BIT_CONVERSION = YES;
				GCC_WARN_ABOUT_RETURN_TYPE = YES_ERROR;
				GCC_WARN_UNDECLARED_SELECTOR = YES;
				GCC_WARN_UNINITIALIZED_AUTOS = YES_AGGRESSIVE;
				GCC_WARN_UNUSED_FUNCTION = YES;
				GCC_WARN_UNUSED_VARIABLE = YES;
				IPHONEOS_DEPLOYMENT_TARGET = 8.0;
				MTL_ENABLE_DEBUG_INFO = NO;
				SDKROOT = iphoneos;
				VALIDATE_PRODUCT = YES;
			};
			name = Release;
		};
		B6A3C30119D1600100A08FF4 /* Debug */ = {
			isa = XCBuildConfiguration;
			buildSettings = {
				ASSETCATALOG_COMPILER_APPICON_NAME = AppIcon;
				INFOPLIST_FILE = xmlanddbinsert/Info.plist;
				LD_RUNPATH_SEARCH_PATHS = "$(inherited) @executable_path/Frameworks";
				PRODUCT_NAME = "$(TARGET_NAME)";
			};
			name = Debug;
		};
		B6A3C30219D1600100A08FF4 /* Release */ = {
			isa = XCBuildConfiguration;
			buildSettings = {
				ASSETCATALOG_COMPILER_APPICON_NAME = AppIcon;
				INFOPLIST_FILE = xmlanddbinsert/Info.plist;
				LD_RUNPATH_SEARCH_PATHS = "$(inherited) @executable_path/Frameworks";
				PRODUCT_NAME = "$(TARGET_NAME)";
			};
			name = Release;
		};
		B6A3C30419D1600100A08FF4 /* Debug */ = {
			isa = XCBuildConfiguration;
			buildSettings = {
				BUNDLE_LOADER = "$(TEST_HOST)";
				FRAMEWORK_SEARCH_PATHS = (
					"$(SDKROOT)/Developer/Library/Frameworks",
					"$(inherited)",
				);
				GCC_PREPROCESSOR_DEFINITIONS = (
					"DEBUG=1",
					"$(inherited)",
				);
				INFOPLIST_FILE = xmlanddbinsertTests/Info.plist;
				LD_RUNPATH_SEARCH_PATHS = "$(inherited) @executable_path/Frameworks @loader_path/Frameworks";
				PRODUCT_NAME = "$(TARGET_NAME)";
				TEST_HOST = "$(BUILT_PRODUCTS_DIR)/xmlanddbinsert.app/xmlanddbinsert";
			};
			name = Debug;
		};
		B6A3C30519D1600100A08FF4 /* Release */ = {
			isa = XCBuildConfiguration;
			buildSettings = {
				BUNDLE_LOADER = "$(TEST_HOST)";
				FRAMEWORK_SEARCH_PATHS = (
					"$(SDKROOT)/Developer/Library/Frameworks",
					"$(inherited)",
				);
				INFOPLIST_FILE = xmlanddbinsertTests/Info.plist;
				LD_RUNPATH_SEARCH_PATHS = "$(inherited) @executable_path/Frameworks @loader_path/Frameworks";
				PRODUCT_NAME = "$(TARGET_NAME)";
				TEST_HOST = "$(BUILT_PRODUCTS_DIR)/xmlanddbinsert.app/xmlanddbinsert";
			};
			name = Release;
		};
/* End XCBuildConfiguration section */

/* Begin XCConfigurationList section */
		B6A3C2D819D1600100A08FF4 /* Build configuration list for PBXProject "xmlanddbinsert" */ = {
			isa = XCConfigurationList;
			buildConfigurations = (
				B6A3C2FE19D1600100A08FF4 /* Debug */,
				B6A3C2FF19D1600100A08FF4 /* Release */,
			);
			defaultConfigurationIsVisible = 0;
			defaultConfigurationName = Release;
		};
		B6A3C30019D1600100A08FF4 /* Build configuration list for PBXNativeTarget "xmlanddbinsert" */ = {
			isa = XCConfigurationList;
			buildConfigurations = (
				B6A3C30119D1600100A08FF4 /* Debug */,
				B6A3C30219D1600100A08FF4 /* Release */,
			);
			defaultConfigurationIsVisible = 0;
		};
		B6A3C30319D1600100A08FF4 /* Build configuration list for PBXNativeTarget "xmlanddbinsertTests" */ = {
			isa = XCConfigurationList;
			buildConfigurations = (
				B6A3C30419D1600100A08FF4 /* Debug */,
				B6A3C30519D1600100A08FF4 /* Release */,
			);
			defaultConfigurationIsVisible = 0;
		};
/* End XCConfigurationList section */
	};
	rootObject = B6A3C2D519D1600100A08FF4 /* Project object */;
}
